// !$*UTF8*$!
{
	archiveVersion = 1;
	classes = {
	};
	objectVersion = 56;
	objects = {

/* Begin PBXBuildFile section */
		E01A5FBD2A81113C00694C29 /* UrbanDictionaryApp.swift in Sources */ = {isa = PBXBuildFile; fileRef = E01A5FBC2A81113C00694C29 /* UrbanDictionaryApp.swift */; };
		E01A5FC12A81113C00694C29 /* Assets.xcassets in Resources */ = {isa = PBXBuildFile; fileRef = E01A5FC02A81113C00694C29 /* Assets.xcassets */; };
		E01A5FC42A81113C00694C29 /* Preview Assets.xcassets in Resources */ = {isa = PBXBuildFile; fileRef = E01A5FC32A81113C00694C29 /* Preview Assets.xcassets */; };
		E01A5FCC2A8119CD00694C29 /* HTTPClient.swift in Sources */ = {isa = PBXBuildFile; fileRef = E01A5FCB2A8119CD00694C29 /* HTTPClient.swift */; };
		E01A5FD52A811C4F00694C29 /* UrbanDictionaryService.swift in Sources */ = {isa = PBXBuildFile; fileRef = E01A5FD42A811C4F00694C29 /* UrbanDictionaryService.swift */; };
		E01A5FD82A811E7500694C29 /* Word.swift in Sources */ = {isa = PBXBuildFile; fileRef = E01A5FD72A811E7500694C29 /* Word.swift */; };
		E01A5FDB2A81275D00694C29 /* WordView.swift in Sources */ = {isa = PBXBuildFile; fileRef = E01A5FDA2A81275D00694C29 /* WordView.swift */; };
		E01A5FDD2A817E2E00694C29 /* ActivityIndicatorView.swift in Sources */ = {isa = PBXBuildFile; fileRef = E01A5FDC2A817E2E00694C29 /* ActivityIndicatorView.swift */; };
		E01A5FE02A81896A00694C29 /* Color+UIColor.swift in Sources */ = {isa = PBXBuildFile; fileRef = E01A5FDF2A81896A00694C29 /* Color+UIColor.swift */; };
		E01A5FE62A8198F100694C29 /* Suggestion.swift in Sources */ = {isa = PBXBuildFile; fileRef = E01A5FE52A8198F100694C29 /* Suggestion.swift */; };
		E01A5FEA2A8285EC00694C29 /* URL+StaticString.swift in Sources */ = {isa = PBXBuildFile; fileRef = E01A5FE92A8285EC00694C29 /* URL+StaticString.swift */; };
		E01A5FEC2A828D1500694C29 /* ShareSheetView.swift in Sources */ = {isa = PBXBuildFile; fileRef = E01A5FEB2A828D1500694C29 /* ShareSheetView.swift */; };
		E01A5FF32A82C92E00694C29 /* ViewFactory.swift in Sources */ = {isa = PBXBuildFile; fileRef = E01A5FF22A82C92E00694C29 /* ViewFactory.swift */; };
		E01A5FF82A86454B00694C29 /* UrbanDictionaryLinkTransformer.swift in Sources */ = {isa = PBXBuildFile; fileRef = E01A5FF72A86454B00694C29 /* UrbanDictionaryLinkTransformer.swift */; };
		E01A60062A86CC5900694C29 /* WidgetKit.framework in Frameworks */ = {isa = PBXBuildFile; fileRef = E01A60052A86CC5900694C29 /* WidgetKit.framework */; };
		E01A60082A86CC5900694C29 /* SwiftUI.framework in Frameworks */ = {isa = PBXBuildFile; fileRef = E01A60072A86CC5900694C29 /* SwiftUI.framework */; };
		E01A600B2A86CC5900694C29 /* WordOfTheDayBundle.swift in Sources */ = {isa = PBXBuildFile; fileRef = E01A600A2A86CC5900694C29 /* WordOfTheDayBundle.swift */; };
		E01A600D2A86CC5900694C29 /* WordOfTheDay.swift in Sources */ = {isa = PBXBuildFile; fileRef = E01A600C2A86CC5900694C29 /* WordOfTheDay.swift */; };
		E01A600F2A86CC5B00694C29 /* Assets.xcassets in Resources */ = {isa = PBXBuildFile; fileRef = E01A600E2A86CC5B00694C29 /* Assets.xcassets */; };
		E01A60132A86CC5B00694C29 /* WordOfTheDayExtension.appex in Embed Foundation Extensions */ = {isa = PBXBuildFile; fileRef = E01A60032A86CC5900694C29 /* WordOfTheDayExtension.appex */; settings = {ATTRIBUTES = (RemoveHeadersOnCopy, ); }; };
		E01A60182A86CC8E00694C29 /* HTTPClient.swift in Sources */ = {isa = PBXBuildFile; fileRef = E01A5FCB2A8119CD00694C29 /* HTTPClient.swift */; };
		E01A60192A86CC9400694C29 /* UrbanDictionaryService.swift in Sources */ = {isa = PBXBuildFile; fileRef = E01A5FD42A811C4F00694C29 /* UrbanDictionaryService.swift */; };
		E01A601A2A86CC9800694C29 /* Word.swift in Sources */ = {isa = PBXBuildFile; fileRef = E01A5FD72A811E7500694C29 /* Word.swift */; };
		E01A601B2A86CC9B00694C29 /* Suggestion.swift in Sources */ = {isa = PBXBuildFile; fileRef = E01A5FE52A8198F100694C29 /* Suggestion.swift */; };
		E0371BF82A90CF7B00573042 /* Localizable.strings in Resources */ = {isa = PBXBuildFile; fileRef = E0371BFC2A90CF7B00573042 /* Localizable.strings */; };
		E0371BF92A90CF7B00573042 /* Localizable.strings in Resources */ = {isa = PBXBuildFile; fileRef = E0371BFC2A90CF7B00573042 /* Localizable.strings */; };
		E0371BFA2A90CF7B00573042 /* Localizable.strings in Resources */ = {isa = PBXBuildFile; fileRef = E0371BFC2A90CF7B00573042 /* Localizable.strings */; };
		E0371BFF2A90D11100573042 /* LocalizedString.swift in Sources */ = {isa = PBXBuildFile; fileRef = E0371BFE2A90D11100573042 /* LocalizedString.swift */; };
		E0867D7B2A92B27D00308CF1 /* Color+UIColor.swift in Sources */ = {isa = PBXBuildFile; fileRef = E01A5FDF2A81896A00694C29 /* Color+UIColor.swift */; };
		E0867D7C2A92B27D00308CF1 /* Color+UIColor.swift in Sources */ = {isa = PBXBuildFile; fileRef = E01A5FDF2A81896A00694C29 /* Color+UIColor.swift */; };
		E0A4F30A2A9E1E6F00B25074 /* DefinitionListView.swift in Sources */ = {isa = PBXBuildFile; fileRef = E0A4F3092A9E1E6F00B25074 /* DefinitionListView.swift */; };
		E0A4F30C2A9E1E8400B25074 /* DefinitionListView-ViewModel.swift in Sources */ = {isa = PBXBuildFile; fileRef = E0A4F30B2A9E1E8400B25074 /* DefinitionListView-ViewModel.swift */; };
		E0A4F3102A9E391800B25074 /* MessageView.swift in Sources */ = {isa = PBXBuildFile; fileRef = E0A4F30F2A9E391800B25074 /* MessageView.swift */; };
		E0A4F3122A9EA6E200B25074 /* SearchSuggestionListView.swift in Sources */ = {isa = PBXBuildFile; fileRef = E0A4F3112A9EA6E200B25074 /* SearchSuggestionListView.swift */; };
		E0A4F3142A9EA70B00B25074 /* SearchSuggestionListView-ViewModel.swift in Sources */ = {isa = PBXBuildFile; fileRef = E0A4F3132A9EA70B00B25074 /* SearchSuggestionListView-ViewModel.swift */; };
		E0A4F3162A9F5EE800B25074 /* ConditionallySearchable.swift in Sources */ = {isa = PBXBuildFile; fileRef = E0A4F3152A9F5EE800B25074 /* ConditionallySearchable.swift */; };
		E0A4F3182AA3619B00B25074 /* ServiceRegistry.swift in Sources */ = {isa = PBXBuildFile; fileRef = E0A4F3172AA3619B00B25074 /* ServiceRegistry.swift */; };
		E0A4F31B2AA362D500B25074 /* PersistenceService.swift in Sources */ = {isa = PBXBuildFile; fileRef = E0A4F31A2AA362D500B25074 /* PersistenceService.swift */; };
		E0A4F31E2AA363F100B25074 /* UrbanDictionary.xcdatamodeld in Sources */ = {isa = PBXBuildFile; fileRef = E0A4F31C2AA363F100B25074 /* UrbanDictionary.xcdatamodeld */; };
		E0A4F3F42ABCCDA900B25074 /* CoordinatorView.swift in Sources */ = {isa = PBXBuildFile; fileRef = E0A4F3F32ABCCDA900B25074 /* CoordinatorView.swift */; };
		E0A4F3F62ABCD72700B25074 /* WordsOfTheDayView.swift in Sources */ = {isa = PBXBuildFile; fileRef = E0A4F3F52ABCD72600B25074 /* WordsOfTheDayView.swift */; };
		E0A4F3F82ABCD74800B25074 /* WordsOfTheDayView.ViewModel.swift in Sources */ = {isa = PBXBuildFile; fileRef = E0A4F3F72ABCD74800B25074 /* WordsOfTheDayView.ViewModel.swift */; };
		E0A4F3FA2ABCE47800B25074 /* ErrorMessageView.swift in Sources */ = {isa = PBXBuildFile; fileRef = E0A4F3F92ABCE47800B25074 /* ErrorMessageView.swift */; };
		E0D254332A88FA2400186BA0 /* WidgetKit.framework in Frameworks */ = {isa = PBXBuildFile; fileRef = E01A60052A86CC5900694C29 /* WidgetKit.framework */; };
		E0D254342A88FA2400186BA0 /* SwiftUI.framework in Frameworks */ = {isa = PBXBuildFile; fileRef = E01A60072A86CC5900694C29 /* SwiftUI.framework */; };
		E0D254372A88FA2400186BA0 /* RandomWordBundle.swift in Sources */ = {isa = PBXBuildFile; fileRef = E0D254362A88FA2400186BA0 /* RandomWordBundle.swift */; };
		E0D254392A88FA2400186BA0 /* RandomWord.swift in Sources */ = {isa = PBXBuildFile; fileRef = E0D254382A88FA2400186BA0 /* RandomWord.swift */; };
		E0D2543B2A88FA2500186BA0 /* Assets.xcassets in Resources */ = {isa = PBXBuildFile; fileRef = E0D2543A2A88FA2500186BA0 /* Assets.xcassets */; };
		E0D2543F2A88FA2500186BA0 /* RandomWordExtension.appex in Embed Foundation Extensions */ = {isa = PBXBuildFile; fileRef = E0D254322A88FA2400186BA0 /* RandomWordExtension.appex */; settings = {ATTRIBUTES = (RemoveHeadersOnCopy, ); }; };
		E0D254432A88FA4D00186BA0 /* HTTPClient.swift in Sources */ = {isa = PBXBuildFile; fileRef = E01A5FCB2A8119CD00694C29 /* HTTPClient.swift */; };
		E0D254442A88FA5800186BA0 /* UrbanDictionaryLinkTransformer.swift in Sources */ = {isa = PBXBuildFile; fileRef = E01A5FF72A86454B00694C29 /* UrbanDictionaryLinkTransformer.swift */; };
		E0D254452A88FA5800186BA0 /* UrbanDictionaryLinkTransformer.swift in Sources */ = {isa = PBXBuildFile; fileRef = E01A5FF72A86454B00694C29 /* UrbanDictionaryLinkTransformer.swift */; };
		E0D254462A88FA5A00186BA0 /* Word.swift in Sources */ = {isa = PBXBuildFile; fileRef = E01A5FD72A811E7500694C29 /* Word.swift */; };
		E0D254472A88FA5D00186BA0 /* UrbanDictionaryService.swift in Sources */ = {isa = PBXBuildFile; fileRef = E01A5FD42A811C4F00694C29 /* UrbanDictionaryService.swift */; };
		E0D254482A88FA5F00186BA0 /* Suggestion.swift in Sources */ = {isa = PBXBuildFile; fileRef = E01A5FE52A8198F100694C29 /* Suggestion.swift */; };
		E0D631992ABDA12B0041A5A0 /* DefinitionsView.swift in Sources */ = {isa = PBXBuildFile; fileRef = E0D631982ABDA12B0041A5A0 /* DefinitionsView.swift */; };
		E0D6319B2ABDA15F0041A5A0 /* DefinitionsView.ViewModel.swift in Sources */ = {isa = PBXBuildFile; fileRef = E0D6319A2ABDA15F0041A5A0 /* DefinitionsView.ViewModel.swift */; };
		E0D631A02ABDA2140041A5A0 /* DefinableTerm.swift in Sources */ = {isa = PBXBuildFile; fileRef = E0D6319F2ABDA2140041A5A0 /* DefinableTerm.swift */; };
		E0D631A22ABDAAD40041A5A0 /* CoordinatorObject.swift in Sources */ = {isa = PBXBuildFile; fileRef = E0D631A12ABDAAD40041A5A0 /* CoordinatorObject.swift */; };
		E0D631A42ABDB9660041A5A0 /* TermIdentifier.swift in Sources */ = {isa = PBXBuildFile; fileRef = E0D631A32ABDB9660041A5A0 /* TermIdentifier.swift */; };
		E0D631A62ABDBB480041A5A0 /* LinkedDefinitionView.swift in Sources */ = {isa = PBXBuildFile; fileRef = E0D631A52ABDBB480041A5A0 /* LinkedDefinitionView.swift */; };
		E0D631A82ABDBB580041A5A0 /* LinkedDefinitionView.ViewModel.swift in Sources */ = {isa = PBXBuildFile; fileRef = E0D631A72ABDBB580041A5A0 /* LinkedDefinitionView.ViewModel.swift */; };
/* End PBXBuildFile section */

/* Begin PBXContainerItemProxy section */
		E01A60112A86CC5B00694C29 /* PBXContainerItemProxy */ = {
			isa = PBXContainerItemProxy;
			containerPortal = E01A5FB12A81113B00694C29 /* Project object */;
			proxyType = 1;
			remoteGlobalIDString = E01A60022A86CC5900694C29;
			remoteInfo = WordOfTheDayExtension;
		};
		E0D2543D2A88FA2500186BA0 /* PBXContainerItemProxy */ = {
			isa = PBXContainerItemProxy;
			containerPortal = E01A5FB12A81113B00694C29 /* Project object */;
			proxyType = 1;
			remoteGlobalIDString = E0D254312A88FA2400186BA0;
			remoteInfo = RandomWordExtension;
		};
/* End PBXContainerItemProxy section */

/* Begin PBXCopyFilesBuildPhase section */
		E01A60172A86CC5B00694C29 /* Embed Foundation Extensions */ = {
			isa = PBXCopyFilesBuildPhase;
			buildActionMask = 2147483647;
			dstPath = "";
			dstSubfolderSpec = 13;
			files = (
				E01A60132A86CC5B00694C29 /* WordOfTheDayExtension.appex in Embed Foundation Extensions */,
				E0D2543F2A88FA2500186BA0 /* RandomWordExtension.appex in Embed Foundation Extensions */,
			);
			name = "Embed Foundation Extensions";
			runOnlyForDeploymentPostprocessing = 0;
		};
/* End PBXCopyFilesBuildPhase section */

/* Begin PBXFileReference section */
		E01A5FB92A81113C00694C29 /* UrbanDictionary.app */ = {isa = PBXFileReference; explicitFileType = wrapper.application; includeInIndex = 0; path = UrbanDictionary.app; sourceTree = BUILT_PRODUCTS_DIR; };
		E01A5FBC2A81113C00694C29 /* UrbanDictionaryApp.swift */ = {isa = PBXFileReference; lastKnownFileType = sourcecode.swift; path = UrbanDictionaryApp.swift; sourceTree = "<group>"; };
		E01A5FC02A81113C00694C29 /* Assets.xcassets */ = {isa = PBXFileReference; lastKnownFileType = folder.assetcatalog; path = Assets.xcassets; sourceTree = "<group>"; };
		E01A5FC32A81113C00694C29 /* Preview Assets.xcassets */ = {isa = PBXFileReference; lastKnownFileType = folder.assetcatalog; path = "Preview Assets.xcassets"; sourceTree = "<group>"; };
		E01A5FCB2A8119CD00694C29 /* HTTPClient.swift */ = {isa = PBXFileReference; lastKnownFileType = sourcecode.swift; path = HTTPClient.swift; sourceTree = "<group>"; };
		E01A5FD42A811C4F00694C29 /* UrbanDictionaryService.swift */ = {isa = PBXFileReference; lastKnownFileType = sourcecode.swift; path = UrbanDictionaryService.swift; sourceTree = "<group>"; };
		E01A5FD72A811E7500694C29 /* Word.swift */ = {isa = PBXFileReference; lastKnownFileType = sourcecode.swift; path = Word.swift; sourceTree = "<group>"; };
		E01A5FDA2A81275D00694C29 /* WordView.swift */ = {isa = PBXFileReference; lastKnownFileType = sourcecode.swift; path = WordView.swift; sourceTree = "<group>"; };
		E01A5FDC2A817E2E00694C29 /* ActivityIndicatorView.swift */ = {isa = PBXFileReference; lastKnownFileType = sourcecode.swift; path = ActivityIndicatorView.swift; sourceTree = "<group>"; };
		E01A5FDF2A81896A00694C29 /* Color+UIColor.swift */ = {isa = PBXFileReference; lastKnownFileType = sourcecode.swift; path = "Color+UIColor.swift"; sourceTree = "<group>"; };
		E01A5FE52A8198F100694C29 /* Suggestion.swift */ = {isa = PBXFileReference; lastKnownFileType = sourcecode.swift; path = Suggestion.swift; sourceTree = "<group>"; };
		E01A5FE92A8285EC00694C29 /* URL+StaticString.swift */ = {isa = PBXFileReference; lastKnownFileType = sourcecode.swift; path = "URL+StaticString.swift"; sourceTree = "<group>"; };
		E01A5FEB2A828D1500694C29 /* ShareSheetView.swift */ = {isa = PBXFileReference; lastKnownFileType = sourcecode.swift; path = ShareSheetView.swift; sourceTree = "<group>"; };
		E01A5FF22A82C92E00694C29 /* ViewFactory.swift */ = {isa = PBXFileReference; lastKnownFileType = sourcecode.swift; path = ViewFactory.swift; sourceTree = "<group>"; };
		E01A5FF72A86454B00694C29 /* UrbanDictionaryLinkTransformer.swift */ = {isa = PBXFileReference; lastKnownFileType = sourcecode.swift; path = UrbanDictionaryLinkTransformer.swift; sourceTree = "<group>"; };
		E01A60032A86CC5900694C29 /* WordOfTheDayExtension.appex */ = {isa = PBXFileReference; explicitFileType = "wrapper.app-extension"; includeInIndex = 0; path = WordOfTheDayExtension.appex; sourceTree = BUILT_PRODUCTS_DIR; };
		E01A60052A86CC5900694C29 /* WidgetKit.framework */ = {isa = PBXFileReference; lastKnownFileType = wrapper.framework; name = WidgetKit.framework; path = System/Library/Frameworks/WidgetKit.framework; sourceTree = SDKROOT; };
		E01A60072A86CC5900694C29 /* SwiftUI.framework */ = {isa = PBXFileReference; lastKnownFileType = wrapper.framework; name = SwiftUI.framework; path = System/Library/Frameworks/SwiftUI.framework; sourceTree = SDKROOT; };
		E01A600A2A86CC5900694C29 /* WordOfTheDayBundle.swift */ = {isa = PBXFileReference; lastKnownFileType = sourcecode.swift; path = WordOfTheDayBundle.swift; sourceTree = "<group>"; };
		E01A600C2A86CC5900694C29 /* WordOfTheDay.swift */ = {isa = PBXFileReference; lastKnownFileType = sourcecode.swift; path = WordOfTheDay.swift; sourceTree = "<group>"; };
		E01A600E2A86CC5B00694C29 /* Assets.xcassets */ = {isa = PBXFileReference; lastKnownFileType = folder.assetcatalog; path = Assets.xcassets; sourceTree = "<group>"; };
		E01A60102A86CC5B00694C29 /* Info.plist */ = {isa = PBXFileReference; lastKnownFileType = text.plist.xml; path = Info.plist; sourceTree = "<group>"; };
		E0371BFB2A90CF7B00573042 /* en */ = {isa = PBXFileReference; lastKnownFileType = text.plist.strings; name = en; path = en.lproj/Localizable.strings; sourceTree = "<group>"; };
		E0371BFD2A90CF7D00573042 /* ru */ = {isa = PBXFileReference; lastKnownFileType = text.plist.strings; name = ru; path = ru.lproj/Localizable.strings; sourceTree = "<group>"; };
		E0371BFE2A90D11100573042 /* LocalizedString.swift */ = {isa = PBXFileReference; lastKnownFileType = sourcecode.swift; path = LocalizedString.swift; sourceTree = "<group>"; };
		E0A4F3092A9E1E6F00B25074 /* DefinitionListView.swift */ = {isa = PBXFileReference; lastKnownFileType = sourcecode.swift; path = DefinitionListView.swift; sourceTree = "<group>"; };
		E0A4F30B2A9E1E8400B25074 /* DefinitionListView-ViewModel.swift */ = {isa = PBXFileReference; lastKnownFileType = sourcecode.swift; path = "DefinitionListView-ViewModel.swift"; sourceTree = "<group>"; };
		E0A4F30F2A9E391800B25074 /* MessageView.swift */ = {isa = PBXFileReference; lastKnownFileType = sourcecode.swift; path = MessageView.swift; sourceTree = "<group>"; };
		E0A4F3112A9EA6E200B25074 /* SearchSuggestionListView.swift */ = {isa = PBXFileReference; lastKnownFileType = sourcecode.swift; path = SearchSuggestionListView.swift; sourceTree = "<group>"; };
		E0A4F3132A9EA70B00B25074 /* SearchSuggestionListView-ViewModel.swift */ = {isa = PBXFileReference; lastKnownFileType = sourcecode.swift; path = "SearchSuggestionListView-ViewModel.swift"; sourceTree = "<group>"; };
		E0A4F3152A9F5EE800B25074 /* ConditionallySearchable.swift */ = {isa = PBXFileReference; lastKnownFileType = sourcecode.swift; path = ConditionallySearchable.swift; sourceTree = "<group>"; };
		E0A4F3172AA3619B00B25074 /* ServiceRegistry.swift */ = {isa = PBXFileReference; lastKnownFileType = sourcecode.swift; path = ServiceRegistry.swift; sourceTree = "<group>"; };
		E0A4F31A2AA362D500B25074 /* PersistenceService.swift */ = {isa = PBXFileReference; lastKnownFileType = sourcecode.swift; path = PersistenceService.swift; sourceTree = "<group>"; };
		E0A4F31D2AA363F100B25074 /* UrbanDictionary.xcdatamodel */ = {isa = PBXFileReference; lastKnownFileType = wrapper.xcdatamodel; path = UrbanDictionary.xcdatamodel; sourceTree = "<group>"; };
		E0A4F31F2AA366F300B25074 /* UrbanDictionary.entitlements */ = {isa = PBXFileReference; lastKnownFileType = text.plist.entitlements; path = UrbanDictionary.entitlements; sourceTree = "<group>"; };
		E0A4F3202AA3678100B25074 /* Info.plist */ = {isa = PBXFileReference; lastKnownFileType = text.plist; path = Info.plist; sourceTree = "<group>"; };
		E0A4F3F32ABCCDA900B25074 /* CoordinatorView.swift */ = {isa = PBXFileReference; lastKnownFileType = sourcecode.swift; path = CoordinatorView.swift; sourceTree = "<group>"; };
		E0A4F3F52ABCD72600B25074 /* WordsOfTheDayView.swift */ = {isa = PBXFileReference; lastKnownFileType = sourcecode.swift; path = WordsOfTheDayView.swift; sourceTree = "<group>"; };
		E0A4F3F72ABCD74800B25074 /* WordsOfTheDayView.ViewModel.swift */ = {isa = PBXFileReference; lastKnownFileType = sourcecode.swift; path = WordsOfTheDayView.ViewModel.swift; sourceTree = "<group>"; };
		E0A4F3F92ABCE47800B25074 /* ErrorMessageView.swift */ = {isa = PBXFileReference; lastKnownFileType = sourcecode.swift; path = ErrorMessageView.swift; sourceTree = "<group>"; };
		E0D254322A88FA2400186BA0 /* RandomWordExtension.appex */ = {isa = PBXFileReference; explicitFileType = "wrapper.app-extension"; includeInIndex = 0; path = RandomWordExtension.appex; sourceTree = BUILT_PRODUCTS_DIR; };
		E0D254362A88FA2400186BA0 /* RandomWordBundle.swift */ = {isa = PBXFileReference; lastKnownFileType = sourcecode.swift; path = RandomWordBundle.swift; sourceTree = "<group>"; };
		E0D254382A88FA2400186BA0 /* RandomWord.swift */ = {isa = PBXFileReference; lastKnownFileType = sourcecode.swift; path = RandomWord.swift; sourceTree = "<group>"; };
		E0D2543A2A88FA2500186BA0 /* Assets.xcassets */ = {isa = PBXFileReference; lastKnownFileType = folder.assetcatalog; path = Assets.xcassets; sourceTree = "<group>"; };
		E0D2543C2A88FA2500186BA0 /* Info.plist */ = {isa = PBXFileReference; lastKnownFileType = text.plist.xml; path = Info.plist; sourceTree = "<group>"; };
		E0D631982ABDA12B0041A5A0 /* DefinitionsView.swift */ = {isa = PBXFileReference; lastKnownFileType = sourcecode.swift; path = DefinitionsView.swift; sourceTree = "<group>"; };
		E0D6319A2ABDA15F0041A5A0 /* DefinitionsView.ViewModel.swift */ = {isa = PBXFileReference; lastKnownFileType = sourcecode.swift; path = DefinitionsView.ViewModel.swift; sourceTree = "<group>"; };
		E0D6319F2ABDA2140041A5A0 /* DefinableTerm.swift */ = {isa = PBXFileReference; lastKnownFileType = sourcecode.swift; path = DefinableTerm.swift; sourceTree = "<group>"; };
		E0D631A12ABDAAD40041A5A0 /* CoordinatorObject.swift */ = {isa = PBXFileReference; lastKnownFileType = sourcecode.swift; path = CoordinatorObject.swift; sourceTree = "<group>"; };
		E0D631A32ABDB9660041A5A0 /* TermIdentifier.swift */ = {isa = PBXFileReference; lastKnownFileType = sourcecode.swift; path = TermIdentifier.swift; sourceTree = "<group>"; };
		E0D631A52ABDBB480041A5A0 /* LinkedDefinitionView.swift */ = {isa = PBXFileReference; lastKnownFileType = sourcecode.swift; path = LinkedDefinitionView.swift; sourceTree = "<group>"; };
		E0D631A72ABDBB580041A5A0 /* LinkedDefinitionView.ViewModel.swift */ = {isa = PBXFileReference; lastKnownFileType = sourcecode.swift; path = LinkedDefinitionView.ViewModel.swift; sourceTree = "<group>"; };
/* End PBXFileReference section */

/* Begin PBXFrameworksBuildPhase section */
		E01A5FB62A81113C00694C29 /* Frameworks */ = {
			isa = PBXFrameworksBuildPhase;
			buildActionMask = 2147483647;
			files = (
			);
			runOnlyForDeploymentPostprocessing = 0;
		};
		E01A60002A86CC5900694C29 /* Frameworks */ = {
			isa = PBXFrameworksBuildPhase;
			buildActionMask = 2147483647;
			files = (
				E01A60082A86CC5900694C29 /* SwiftUI.framework in Frameworks */,
				E01A60062A86CC5900694C29 /* WidgetKit.framework in Frameworks */,
			);
			runOnlyForDeploymentPostprocessing = 0;
		};
		E0D2542F2A88FA2400186BA0 /* Frameworks */ = {
			isa = PBXFrameworksBuildPhase;
			buildActionMask = 2147483647;
			files = (
				E0D254342A88FA2400186BA0 /* SwiftUI.framework in Frameworks */,
				E0D254332A88FA2400186BA0 /* WidgetKit.framework in Frameworks */,
			);
			runOnlyForDeploymentPostprocessing = 0;
		};
/* End PBXFrameworksBuildPhase section */

/* Begin PBXGroup section */
		E01A5FB02A81113B00694C29 = {
			isa = PBXGroup;
			children = (
				E01A5FBB2A81113C00694C29 /* UrbanDictionary */,
				E01A60092A86CC5900694C29 /* WordOfTheDay */,
				E0D254352A88FA2400186BA0 /* RandomWord */,
				E01A60042A86CC5900694C29 /* Frameworks */,
				E01A5FBA2A81113C00694C29 /* Products */,
			);
			sourceTree = "<group>";
		};
		E01A5FBA2A81113C00694C29 /* Products */ = {
			isa = PBXGroup;
			children = (
				E01A5FB92A81113C00694C29 /* UrbanDictionary.app */,
				E01A60032A86CC5900694C29 /* WordOfTheDayExtension.appex */,
				E0D254322A88FA2400186BA0 /* RandomWordExtension.appex */,
			);
			name = Products;
			sourceTree = "<group>";
		};
		E01A5FBB2A81113C00694C29 /* UrbanDictionary */ = {
			isa = PBXGroup;
			children = (
				E0A4F3202AA3678100B25074 /* Info.plist */,
				E0A4F31F2AA366F300B25074 /* UrbanDictionary.entitlements */,
				E01A5FBC2A81113C00694C29 /* UrbanDictionaryApp.swift */,
				E0371BF32A90CEC900573042 /* Resources */,
				E01A5FDE2A81896200694C29 /* Helpers */,
				E01A5FD22A811C3800694C29 /* Services */,
				E0D6319C2ABDA19A0041A5A0 /* Models */,
				E01A5FCD2A811A4F00694C29 /* Views */,
				E01A5FCA2A8119C400694C29 /* HTTPClient */,
				E01A5FC22A81113C00694C29 /* Preview Content */,
			);
			path = UrbanDictionary;
			sourceTree = "<group>";
		};
		E01A5FC22A81113C00694C29 /* Preview Content */ = {
			isa = PBXGroup;
			children = (
				E01A5FC32A81113C00694C29 /* Preview Assets.xcassets */,
			);
			path = "Preview Content";
			sourceTree = "<group>";
		};
		E01A5FCA2A8119C400694C29 /* HTTPClient */ = {
			isa = PBXGroup;
			children = (
				E01A5FCB2A8119CD00694C29 /* HTTPClient.swift */,
			);
			path = HTTPClient;
			sourceTree = "<group>";
		};
		E01A5FCD2A811A4F00694C29 /* Views */ = {
			isa = PBXGroup;
			children = (
				E0A4F3F32ABCCDA900B25074 /* CoordinatorView.swift */,
				E0D631A12ABDAAD40041A5A0 /* CoordinatorObject.swift */,
				E01A5FD92A81273F00694C29 /* Components */,
				E0A4F3112A9EA6E200B25074 /* SearchSuggestionListView.swift */,
				E0A4F3132A9EA70B00B25074 /* SearchSuggestionListView-ViewModel.swift */,
				E0A4F3092A9E1E6F00B25074 /* DefinitionListView.swift */,
				E0A4F30B2A9E1E8400B25074 /* DefinitionListView-ViewModel.swift */,
				E0D631A52ABDBB480041A5A0 /* LinkedDefinitionView.swift */,
				E0D631A72ABDBB580041A5A0 /* LinkedDefinitionView.ViewModel.swift */,
				E0D631982ABDA12B0041A5A0 /* DefinitionsView.swift */,
				E0D6319A2ABDA15F0041A5A0 /* DefinitionsView.ViewModel.swift */,
				E0A4F3F52ABCD72600B25074 /* WordsOfTheDayView.swift */,
				E0A4F3F72ABCD74800B25074 /* WordsOfTheDayView.ViewModel.swift */,
			);
			path = Views;
			sourceTree = "<group>";
		};
		E01A5FD22A811C3800694C29 /* Services */ = {
			isa = PBXGroup;
			children = (
				E0A4F3172AA3619B00B25074 /* ServiceRegistry.swift */,
				E01A5FF12A82C92100694C29 /* ViewFactory */,
				E01A5FD32A811C3C00694C29 /* UrbanDictionaryService */,
				E0A4F3192AA362BE00B25074 /* PersistenceService */,
			);
			path = Services;
			sourceTree = "<group>";
		};
		E01A5FD32A811C3C00694C29 /* UrbanDictionaryService */ = {
			isa = PBXGroup;
			children = (
				E01A5FF62A86452400694C29 /* Transformers */,
				E01A5FD62A811C7600694C29 /* Models */,
				E01A5FD42A811C4F00694C29 /* UrbanDictionaryService.swift */,
			);
			path = UrbanDictionaryService;
			sourceTree = "<group>";
		};
		E01A5FD62A811C7600694C29 /* Models */ = {
			isa = PBXGroup;
			children = (
				E01A5FD72A811E7500694C29 /* Word.swift */,
				E01A5FE52A8198F100694C29 /* Suggestion.swift */,
			);
			path = Models;
			sourceTree = "<group>";
		};
		E01A5FD92A81273F00694C29 /* Components */ = {
			isa = PBXGroup;
			children = (
				E01A5FDA2A81275D00694C29 /* WordView.swift */,
				E01A5FDC2A817E2E00694C29 /* ActivityIndicatorView.swift */,
				E01A5FEB2A828D1500694C29 /* ShareSheetView.swift */,
				E0A4F30F2A9E391800B25074 /* MessageView.swift */,
				E0A4F3152A9F5EE800B25074 /* ConditionallySearchable.swift */,
				E0A4F3F92ABCE47800B25074 /* ErrorMessageView.swift */,
			);
			path = Components;
			sourceTree = "<group>";
		};
		E01A5FDE2A81896200694C29 /* Helpers */ = {
			isa = PBXGroup;
			children = (
				E01A5FDF2A81896A00694C29 /* Color+UIColor.swift */,
				E01A5FE92A8285EC00694C29 /* URL+StaticString.swift */,
				E0371BFE2A90D11100573042 /* LocalizedString.swift */,
			);
			path = Helpers;
			sourceTree = "<group>";
		};
		E01A5FF12A82C92100694C29 /* ViewFactory */ = {
			isa = PBXGroup;
			children = (
				E01A5FF22A82C92E00694C29 /* ViewFactory.swift */,
			);
			path = ViewFactory;
			sourceTree = "<group>";
		};
		E01A5FF62A86452400694C29 /* Transformers */ = {
			isa = PBXGroup;
			children = (
				E01A5FF72A86454B00694C29 /* UrbanDictionaryLinkTransformer.swift */,
			);
			path = Transformers;
			sourceTree = "<group>";
		};
		E01A60042A86CC5900694C29 /* Frameworks */ = {
			isa = PBXGroup;
			children = (
				E01A60052A86CC5900694C29 /* WidgetKit.framework */,
				E01A60072A86CC5900694C29 /* SwiftUI.framework */,
			);
			name = Frameworks;
			sourceTree = "<group>";
		};
		E01A60092A86CC5900694C29 /* WordOfTheDay */ = {
			isa = PBXGroup;
			children = (
				E01A600A2A86CC5900694C29 /* WordOfTheDayBundle.swift */,
				E01A600C2A86CC5900694C29 /* WordOfTheDay.swift */,
				E01A600E2A86CC5B00694C29 /* Assets.xcassets */,
				E01A60102A86CC5B00694C29 /* Info.plist */,
			);
			path = WordOfTheDay;
			sourceTree = "<group>";
		};
		E0371BF32A90CEC900573042 /* Resources */ = {
			isa = PBXGroup;
			children = (
				E01A5FC02A81113C00694C29 /* Assets.xcassets */,
				E0371BFC2A90CF7B00573042 /* Localizable.strings */,
				E0A4F31C2AA363F100B25074 /* UrbanDictionary.xcdatamodeld */,
			);
			path = Resources;
			sourceTree = "<group>";
		};
		E0A4F3192AA362BE00B25074 /* PersistenceService */ = {
			isa = PBXGroup;
			children = (
				E0A4F31A2AA362D500B25074 /* PersistenceService.swift */,
			);
			path = PersistenceService;
			sourceTree = "<group>";
		};
		E0D254352A88FA2400186BA0 /* RandomWord */ = {
			isa = PBXGroup;
			children = (
				E0D254362A88FA2400186BA0 /* RandomWordBundle.swift */,
				E0D254382A88FA2400186BA0 /* RandomWord.swift */,
				E0D2543A2A88FA2500186BA0 /* Assets.xcassets */,
				E0D2543C2A88FA2500186BA0 /* Info.plist */,
			);
			path = RandomWord;
			sourceTree = "<group>";
		};
		E0D6319C2ABDA19A0041A5A0 /* Models */ = {
			isa = PBXGroup;
			children = (
				E0D6319F2ABDA2140041A5A0 /* DefinableTerm.swift */,
				E0D631A32ABDB9660041A5A0 /* TermIdentifier.swift */,
			);
			path = Models;
			sourceTree = "<group>";
		};
/* End PBXGroup section */

/* Begin PBXNativeTarget section */
		E01A5FB82A81113C00694C29 /* UrbanDictionary */ = {
			isa = PBXNativeTarget;
			buildConfigurationList = E01A5FC72A81113C00694C29 /* Build configuration list for PBXNativeTarget "UrbanDictionary" */;
			buildPhases = (
				E01A5FB52A81113C00694C29 /* Sources */,
				E01A5FB62A81113C00694C29 /* Frameworks */,
				E01A5FB72A81113C00694C29 /* Resources */,
				E01A60172A86CC5B00694C29 /* Embed Foundation Extensions */,
			);
			buildRules = (
			);
			dependencies = (
				E01A60122A86CC5B00694C29 /* PBXTargetDependency */,
				E0D2543E2A88FA2500186BA0 /* PBXTargetDependency */,
			);
			name = UrbanDictionary;
			productName = UrbanDictionary;
			productReference = E01A5FB92A81113C00694C29 /* UrbanDictionary.app */;
			productType = "com.apple.product-type.application";
		};
		E01A60022A86CC5900694C29 /* WordOfTheDayExtension */ = {
			isa = PBXNativeTarget;
			buildConfigurationList = E01A60142A86CC5B00694C29 /* Build configuration list for PBXNativeTarget "WordOfTheDayExtension" */;
			buildPhases = (
				E01A5FFF2A86CC5900694C29 /* Sources */,
				E01A60002A86CC5900694C29 /* Frameworks */,
				E01A60012A86CC5900694C29 /* Resources */,
			);
			buildRules = (
			);
			dependencies = (
			);
			name = WordOfTheDayExtension;
			productName = WordOfTheDayExtension;
			productReference = E01A60032A86CC5900694C29 /* WordOfTheDayExtension.appex */;
			productType = "com.apple.product-type.app-extension";
		};
		E0D254312A88FA2400186BA0 /* RandomWordExtension */ = {
			isa = PBXNativeTarget;
			buildConfigurationList = E0D254422A88FA2500186BA0 /* Build configuration list for PBXNativeTarget "RandomWordExtension" */;
			buildPhases = (
				E0D2542E2A88FA2400186BA0 /* Sources */,
				E0D2542F2A88FA2400186BA0 /* Frameworks */,
				E0D254302A88FA2400186BA0 /* Resources */,
			);
			buildRules = (
			);
			dependencies = (
			);
			name = RandomWordExtension;
			productName = RandomWordExtension;
			productReference = E0D254322A88FA2400186BA0 /* RandomWordExtension.appex */;
			productType = "com.apple.product-type.app-extension";
		};
/* End PBXNativeTarget section */

/* Begin PBXProject section */
		E01A5FB12A81113B00694C29 /* Project object */ = {
			isa = PBXProject;
			attributes = {
				BuildIndependentTargetsInParallel = 1;
				LastSwiftUpdateCheck = 1410;
				LastUpgradeCheck = 1430;
				ORGANIZATIONNAME = "Alexander Chekel";
				TargetAttributes = {
					E01A5FB82A81113C00694C29 = {
						CreatedOnToolsVersion = 14.1;
					};
					E01A60022A86CC5900694C29 = {
						CreatedOnToolsVersion = 14.1;
					};
					E0D254312A88FA2400186BA0 = {
						CreatedOnToolsVersion = 14.1;
					};
				};
			};
			buildConfigurationList = E01A5FB42A81113B00694C29 /* Build configuration list for PBXProject "UrbanDictionary" */;
			compatibilityVersion = "Xcode 14.0";
			developmentRegion = en;
			hasScannedForEncodings = 0;
			knownRegions = (
				en,
				ru,
				Base,
			);
			mainGroup = E01A5FB02A81113B00694C29;
			productRefGroup = E01A5FBA2A81113C00694C29 /* Products */;
			projectDirPath = "";
			projectRoot = "";
			targets = (
				E01A5FB82A81113C00694C29 /* UrbanDictionary */,
				E01A60022A86CC5900694C29 /* WordOfTheDayExtension */,
				E0D254312A88FA2400186BA0 /* RandomWordExtension */,
			);
		};
/* End PBXProject section */

/* Begin PBXResourcesBuildPhase section */
		E01A5FB72A81113C00694C29 /* Resources */ = {
			isa = PBXResourcesBuildPhase;
			buildActionMask = 2147483647;
			files = (
				E01A5FC42A81113C00694C29 /* Preview Assets.xcassets in Resources */,
				E0371BF82A90CF7B00573042 /* Localizable.strings in Resources */,
				E01A5FC12A81113C00694C29 /* Assets.xcassets in Resources */,
			);
			runOnlyForDeploymentPostprocessing = 0;
		};
		E01A60012A86CC5900694C29 /* Resources */ = {
			isa = PBXResourcesBuildPhase;
			buildActionMask = 2147483647;
			files = (
				E01A600F2A86CC5B00694C29 /* Assets.xcassets in Resources */,
				E0371BF92A90CF7B00573042 /* Localizable.strings in Resources */,
			);
			runOnlyForDeploymentPostprocessing = 0;
		};
		E0D254302A88FA2400186BA0 /* Resources */ = {
			isa = PBXResourcesBuildPhase;
			buildActionMask = 2147483647;
			files = (
				E0D2543B2A88FA2500186BA0 /* Assets.xcassets in Resources */,
				E0371BFA2A90CF7B00573042 /* Localizable.strings in Resources */,
			);
			runOnlyForDeploymentPostprocessing = 0;
		};
/* End PBXResourcesBuildPhase section */

/* Begin PBXSourcesBuildPhase section */
		E01A5FB52A81113C00694C29 /* Sources */ = {
			isa = PBXSourcesBuildPhase;
			buildActionMask = 2147483647;
			files = (
				E01A5FDB2A81275D00694C29 /* WordView.swift in Sources */,
				E01A5FD52A811C4F00694C29 /* UrbanDictionaryService.swift in Sources */,
				E0D631A02ABDA2140041A5A0 /* DefinableTerm.swift in Sources */,
				E01A5FD82A811E7500694C29 /* Word.swift in Sources */,
				E0A4F3162A9F5EE800B25074 /* ConditionallySearchable.swift in Sources */,
				E01A5FE02A81896A00694C29 /* Color+UIColor.swift in Sources */,
				E01A5FE62A8198F100694C29 /* Suggestion.swift in Sources */,
				E0A4F3142A9EA70B00B25074 /* SearchSuggestionListView-ViewModel.swift in Sources */,
				E0D6319B2ABDA15F0041A5A0 /* DefinitionsView.ViewModel.swift in Sources */,
				E0A4F31B2AA362D500B25074 /* PersistenceService.swift in Sources */,
				E0D631992ABDA12B0041A5A0 /* DefinitionsView.swift in Sources */,
				E01A5FEC2A828D1500694C29 /* ShareSheetView.swift in Sources */,
				E0A4F3122A9EA6E200B25074 /* SearchSuggestionListView.swift in Sources */,
				E0A4F3F42ABCCDA900B25074 /* CoordinatorView.swift in Sources */,
				E0A4F30A2A9E1E6F00B25074 /* DefinitionListView.swift in Sources */,
				E0A4F3182AA3619B00B25074 /* ServiceRegistry.swift in Sources */,
				E0D631A62ABDBB480041A5A0 /* LinkedDefinitionView.swift in Sources */,
				E0A4F3102A9E391800B25074 /* MessageView.swift in Sources */,
				E0D631A22ABDAAD40041A5A0 /* CoordinatorObject.swift in Sources */,
				E01A5FEA2A8285EC00694C29 /* URL+StaticString.swift in Sources */,
				E01A5FDD2A817E2E00694C29 /* ActivityIndicatorView.swift in Sources */,
				E0A4F3F62ABCD72700B25074 /* WordsOfTheDayView.swift in Sources */,
				E01A5FF32A82C92E00694C29 /* ViewFactory.swift in Sources */,
				E0A4F31E2AA363F100B25074 /* UrbanDictionary.xcdatamodeld in Sources */,
				E01A5FF82A86454B00694C29 /* UrbanDictionaryLinkTransformer.swift in Sources */,
				E0A4F3F82ABCD74800B25074 /* WordsOfTheDayView.ViewModel.swift in Sources */,
				E0A4F3FA2ABCE47800B25074 /* ErrorMessageView.swift in Sources */,
				E0D631A42ABDB9660041A5A0 /* TermIdentifier.swift in Sources */,
				E01A5FBD2A81113C00694C29 /* UrbanDictionaryApp.swift in Sources */,
				E0371BFF2A90D11100573042 /* LocalizedString.swift in Sources */,
				E01A5FCC2A8119CD00694C29 /* HTTPClient.swift in Sources */,
				E0D631A82ABDBB580041A5A0 /* LinkedDefinitionView.ViewModel.swift in Sources */,
				E0A4F30C2A9E1E8400B25074 /* DefinitionListView-ViewModel.swift in Sources */,
			);
			runOnlyForDeploymentPostprocessing = 0;
		};
		E01A5FFF2A86CC5900694C29 /* Sources */ = {
			isa = PBXSourcesBuildPhase;
			buildActionMask = 2147483647;
			files = (
				E0D254442A88FA5800186BA0 /* UrbanDictionaryLinkTransformer.swift in Sources */,
				E01A600B2A86CC5900694C29 /* WordOfTheDayBundle.swift in Sources */,
				E01A600D2A86CC5900694C29 /* WordOfTheDay.swift in Sources */,
				E01A601A2A86CC9800694C29 /* Word.swift in Sources */,
				E01A60192A86CC9400694C29 /* UrbanDictionaryService.swift in Sources */,
				E0867D7B2A92B27D00308CF1 /* Color+UIColor.swift in Sources */,
				E01A60182A86CC8E00694C29 /* HTTPClient.swift in Sources */,
				E01A601B2A86CC9B00694C29 /* Suggestion.swift in Sources */,
			);
			runOnlyForDeploymentPostprocessing = 0;
		};
		E0D2542E2A88FA2400186BA0 /* Sources */ = {
			isa = PBXSourcesBuildPhase;
			buildActionMask = 2147483647;
			files = (
				E0D254472A88FA5D00186BA0 /* UrbanDictionaryService.swift in Sources */,
				E0D254392A88FA2400186BA0 /* RandomWord.swift in Sources */,
				E0D254372A88FA2400186BA0 /* RandomWordBundle.swift in Sources */,
				E0D254462A88FA5A00186BA0 /* Word.swift in Sources */,
				E0D254452A88FA5800186BA0 /* UrbanDictionaryLinkTransformer.swift in Sources */,
				E0867D7C2A92B27D00308CF1 /* Color+UIColor.swift in Sources */,
				E0D254482A88FA5F00186BA0 /* Suggestion.swift in Sources */,
				E0D254432A88FA4D00186BA0 /* HTTPClient.swift in Sources */,
			);
			runOnlyForDeploymentPostprocessing = 0;
		};
/* End PBXSourcesBuildPhase section */

/* Begin PBXTargetDependency section */
		E01A60122A86CC5B00694C29 /* PBXTargetDependency */ = {
			isa = PBXTargetDependency;
			target = E01A60022A86CC5900694C29 /* WordOfTheDayExtension */;
			targetProxy = E01A60112A86CC5B00694C29 /* PBXContainerItemProxy */;
		};
		E0D2543E2A88FA2500186BA0 /* PBXTargetDependency */ = {
			isa = PBXTargetDependency;
			target = E0D254312A88FA2400186BA0 /* RandomWordExtension */;
			targetProxy = E0D2543D2A88FA2500186BA0 /* PBXContainerItemProxy */;
		};
/* End PBXTargetDependency section */

/* Begin PBXVariantGroup section */
		E0371BFC2A90CF7B00573042 /* Localizable.strings */ = {
			isa = PBXVariantGroup;
			children = (
				E0371BFB2A90CF7B00573042 /* en */,
				E0371BFD2A90CF7D00573042 /* ru */,
			);
			name = Localizable.strings;
			sourceTree = "<group>";
		};
/* End PBXVariantGroup section */

/* Begin XCBuildConfiguration section */
		E01A5FC52A81113C00694C29 /* Debug */ = {
			isa = XCBuildConfiguration;
			buildSettings = {
				ALWAYS_SEARCH_USER_PATHS = NO;
				CLANG_ANALYZER_LOCALIZABILITY_NONLOCALIZED = YES;
				CLANG_ANALYZER_NONNULL = YES;
				CLANG_ANALYZER_NUMBER_OBJECT_CONVERSION = YES_AGGRESSIVE;
				CLANG_CXX_LANGUAGE_STANDARD = "gnu++20";
				CLANG_ENABLE_MODULES = YES;
				CLANG_ENABLE_OBJC_ARC = YES;
				CLANG_ENABLE_OBJC_WEAK = YES;
				CLANG_WARN_BLOCK_CAPTURE_AUTORELEASING = YES;
				CLANG_WARN_BOOL_CONVERSION = YES;
				CLANG_WARN_COMMA = YES;
				CLANG_WARN_CONSTANT_CONVERSION = YES;
				CLANG_WARN_DEPRECATED_OBJC_IMPLEMENTATIONS = YES;
				CLANG_WARN_DIRECT_OBJC_ISA_USAGE = YES_ERROR;
				CLANG_WARN_DOCUMENTATION_COMMENTS = YES;
				CLANG_WARN_EMPTY_BODY = YES;
				CLANG_WARN_ENUM_CONVERSION = YES;
				CLANG_WARN_INFINITE_RECURSION = YES;
				CLANG_WARN_INT_CONVERSION = YES;
				CLANG_WARN_NON_LITERAL_NULL_CONVERSION = YES;
				CLANG_WARN_OBJC_IMPLICIT_RETAIN_SELF = YES;
				CLANG_WARN_OBJC_LITERAL_CONVERSION = YES;
				CLANG_WARN_OBJC_ROOT_CLASS = YES_ERROR;
				CLANG_WARN_QUOTED_INCLUDE_IN_FRAMEWORK_HEADER = YES;
				CLANG_WARN_RANGE_LOOP_ANALYSIS = YES;
				CLANG_WARN_STRICT_PROTOTYPES = YES;
				CLANG_WARN_SUSPICIOUS_MOVE = YES;
				CLANG_WARN_UNGUARDED_AVAILABILITY = YES_AGGRESSIVE;
				CLANG_WARN_UNREACHABLE_CODE = YES;
				CLANG_WARN__DUPLICATE_METHOD_MATCH = YES;
				COPY_PHASE_STRIP = NO;
				DEBUG_INFORMATION_FORMAT = dwarf;
				ENABLE_STRICT_OBJC_MSGSEND = YES;
				ENABLE_TESTABILITY = YES;
				GCC_C_LANGUAGE_STANDARD = gnu11;
				GCC_DYNAMIC_NO_PIC = NO;
				GCC_NO_COMMON_BLOCKS = YES;
				GCC_OPTIMIZATION_LEVEL = 0;
				GCC_PREPROCESSOR_DEFINITIONS = (
					"DEBUG=1",
					"$(inherited)",
				);
				GCC_WARN_64_TO_32_BIT_CONVERSION = YES;
				GCC_WARN_ABOUT_RETURN_TYPE = YES_ERROR;
				GCC_WARN_UNDECLARED_SELECTOR = YES;
				GCC_WARN_UNINITIALIZED_AUTOS = YES_AGGRESSIVE;
				GCC_WARN_UNUSED_FUNCTION = YES;
				GCC_WARN_UNUSED_VARIABLE = YES;
				IPHONEOS_DEPLOYMENT_TARGET = 15.0;
				MTL_ENABLE_DEBUG_INFO = INCLUDE_SOURCE;
				MTL_FAST_MATH = YES;
				ONLY_ACTIVE_ARCH = YES;
				SDKROOT = iphoneos;
				SWIFT_ACTIVE_COMPILATION_CONDITIONS = DEBUG;
				SWIFT_OPTIMIZATION_LEVEL = "-Onone";
			};
			name = Debug;
		};
		E01A5FC62A81113C00694C29 /* Release */ = {
			isa = XCBuildConfiguration;
			buildSettings = {
				ALWAYS_SEARCH_USER_PATHS = NO;
				CLANG_ANALYZER_LOCALIZABILITY_NONLOCALIZED = YES;
				CLANG_ANALYZER_NONNULL = YES;
				CLANG_ANALYZER_NUMBER_OBJECT_CONVERSION = YES_AGGRESSIVE;
				CLANG_CXX_LANGUAGE_STANDARD = "gnu++20";
				CLANG_ENABLE_MODULES = YES;
				CLANG_ENABLE_OBJC_ARC = YES;
				CLANG_ENABLE_OBJC_WEAK = YES;
				CLANG_WARN_BLOCK_CAPTURE_AUTORELEASING = YES;
				CLANG_WARN_BOOL_CONVERSION = YES;
				CLANG_WARN_COMMA = YES;
				CLANG_WARN_CONSTANT_CONVERSION = YES;
				CLANG_WARN_DEPRECATED_OBJC_IMPLEMENTATIONS = YES;
				CLANG_WARN_DIRECT_OBJC_ISA_USAGE = YES_ERROR;
				CLANG_WARN_DOCUMENTATION_COMMENTS = YES;
				CLANG_WARN_EMPTY_BODY = YES;
				CLANG_WARN_ENUM_CONVERSION = YES;
				CLANG_WARN_INFINITE_RECURSION = YES;
				CLANG_WARN_INT_CONVERSION = YES;
				CLANG_WARN_NON_LITERAL_NULL_CONVERSION = YES;
				CLANG_WARN_OBJC_IMPLICIT_RETAIN_SELF = YES;
				CLANG_WARN_OBJC_LITERAL_CONVERSION = YES;
				CLANG_WARN_OBJC_ROOT_CLASS = YES_ERROR;
				CLANG_WARN_QUOTED_INCLUDE_IN_FRAMEWORK_HEADER = YES;
				CLANG_WARN_RANGE_LOOP_ANALYSIS = YES;
				CLANG_WARN_STRICT_PROTOTYPES = YES;
				CLANG_WARN_SUSPICIOUS_MOVE = YES;
				CLANG_WARN_UNGUARDED_AVAILABILITY = YES_AGGRESSIVE;
				CLANG_WARN_UNREACHABLE_CODE = YES;
				CLANG_WARN__DUPLICATE_METHOD_MATCH = YES;
				COPY_PHASE_STRIP = NO;
				DEBUG_INFORMATION_FORMAT = "dwarf-with-dsym";
				ENABLE_NS_ASSERTIONS = NO;
				ENABLE_STRICT_OBJC_MSGSEND = YES;
				GCC_C_LANGUAGE_STANDARD = gnu11;
				GCC_NO_COMMON_BLOCKS = YES;
				GCC_WARN_64_TO_32_BIT_CONVERSION = YES;
				GCC_WARN_ABOUT_RETURN_TYPE = YES_ERROR;
				GCC_WARN_UNDECLARED_SELECTOR = YES;
				GCC_WARN_UNINITIALIZED_AUTOS = YES_AGGRESSIVE;
				GCC_WARN_UNUSED_FUNCTION = YES;
				GCC_WARN_UNUSED_VARIABLE = YES;
				IPHONEOS_DEPLOYMENT_TARGET = 15.0;
				MTL_ENABLE_DEBUG_INFO = NO;
				MTL_FAST_MATH = YES;
				SDKROOT = iphoneos;
				SWIFT_COMPILATION_MODE = wholemodule;
				SWIFT_OPTIMIZATION_LEVEL = "-O";
				VALIDATE_PRODUCT = YES;
			};
			name = Release;
		};
		E01A5FC82A81113C00694C29 /* Debug */ = {
			isa = XCBuildConfiguration;
			buildSettings = {
				ALWAYS_EMBED_SWIFT_STANDARD_LIBRARIES = YES;
				ASSETCATALOG_COMPILER_APPICON_NAME = AppIcon;
				ASSETCATALOG_COMPILER_GLOBAL_ACCENT_COLOR_NAME = AccentColor;
				CODE_SIGN_ENTITLEMENTS = UrbanDictionary/UrbanDictionary.entitlements;
				CODE_SIGN_STYLE = Automatic;
				CURRENT_PROJECT_VERSION = 9;
				DEVELOPMENT_ASSET_PATHS = "\"UrbanDictionary/Preview Content\"";
				DEVELOPMENT_TEAM = DDL2W3NY34;
				ENABLE_PREVIEWS = YES;
				GENERATE_INFOPLIST_FILE = YES;
				INFOPLIST_FILE = UrbanDictionary/Info.plist;
				INFOPLIST_KEY_CFBundleDisplayName = UD;
				INFOPLIST_KEY_UIApplicationSceneManifest_Generation = YES;
				INFOPLIST_KEY_UIApplicationSupportsIndirectInputEvents = YES;
				INFOPLIST_KEY_UILaunchScreen_Generation = YES;
				INFOPLIST_KEY_UISupportedInterfaceOrientations = UIInterfaceOrientationPortrait;
				INFOPLIST_KEY_UISupportedInterfaceOrientations_iPad = "UIInterfaceOrientationLandscapeLeft UIInterfaceOrientationLandscapeRight UIInterfaceOrientationPortrait UIInterfaceOrientationPortraitUpsideDown";
				IPHONEOS_DEPLOYMENT_TARGET = 16.0;
				LD_RUNPATH_SEARCH_PATHS = (
					"$(inherited)",
					"@executable_path/Frameworks",
				);
				MARKETING_VERSION = 1.0;
				PRODUCT_BUNDLE_IDENTIFIER = com.chekel.UrbanDictionary;
				PRODUCT_NAME = "$(TARGET_NAME)";
				SUPPORTED_PLATFORMS = "iphoneos iphonesimulator";
				SUPPORTS_MACCATALYST = NO;
				SUPPORTS_MAC_DESIGNED_FOR_IPHONE_IPAD = NO;
				SWIFT_EMIT_LOC_STRINGS = YES;
				SWIFT_VERSION = 5.0;
				TARGETED_DEVICE_FAMILY = "1,2";
			};
			name = Debug;
		};
		E01A5FC92A81113C00694C29 /* Release */ = {
			isa = XCBuildConfiguration;
			buildSettings = {
				ALWAYS_EMBED_SWIFT_STANDARD_LIBRARIES = YES;
				ASSETCATALOG_COMPILER_APPICON_NAME = AppIcon;
				ASSETCATALOG_COMPILER_GLOBAL_ACCENT_COLOR_NAME = AccentColor;
				CODE_SIGN_ENTITLEMENTS = UrbanDictionary/UrbanDictionary.entitlements;
				CODE_SIGN_STYLE = Automatic;
				CURRENT_PROJECT_VERSION = 9;
				DEVELOPMENT_ASSET_PATHS = "\"UrbanDictionary/Preview Content\"";
				DEVELOPMENT_TEAM = DDL2W3NY34;
				ENABLE_PREVIEWS = YES;
				GENERATE_INFOPLIST_FILE = YES;
				INFOPLIST_FILE = UrbanDictionary/Info.plist;
				INFOPLIST_KEY_CFBundleDisplayName = UD;
				INFOPLIST_KEY_UIApplicationSceneManifest_Generation = YES;
				INFOPLIST_KEY_UIApplicationSupportsIndirectInputEvents = YES;
				INFOPLIST_KEY_UILaunchScreen_Generation = YES;
				INFOPLIST_KEY_UISupportedInterfaceOrientations = UIInterfaceOrientationPortrait;
				INFOPLIST_KEY_UISupportedInterfaceOrientations_iPad = "UIInterfaceOrientationLandscapeLeft UIInterfaceOrientationLandscapeRight UIInterfaceOrientationPortrait UIInterfaceOrientationPortraitUpsideDown";
				IPHONEOS_DEPLOYMENT_TARGET = 16.0;
				LD_RUNPATH_SEARCH_PATHS = (
					"$(inherited)",
					"@executable_path/Frameworks",
				);
				MARKETING_VERSION = 1.0;
				PRODUCT_BUNDLE_IDENTIFIER = com.chekel.UrbanDictionary;
				PRODUCT_NAME = "$(TARGET_NAME)";
				SUPPORTED_PLATFORMS = "iphoneos iphonesimulator";
				SUPPORTS_MACCATALYST = NO;
				SUPPORTS_MAC_DESIGNED_FOR_IPHONE_IPAD = NO;
				SWIFT_EMIT_LOC_STRINGS = YES;
				SWIFT_VERSION = 5.0;
				TARGETED_DEVICE_FAMILY = "1,2";
			};
			name = Release;
		};
		E01A60152A86CC5B00694C29 /* Debug */ = {
			isa = XCBuildConfiguration;
			buildSettings = {
				ASSETCATALOG_COMPILER_GLOBAL_ACCENT_COLOR_NAME = AccentColor;
				ASSETCATALOG_COMPILER_WIDGET_BACKGROUND_COLOR_NAME = WidgetBackground;
				CODE_SIGN_STYLE = Automatic;
				CURRENT_PROJECT_VERSION = 8;
				DEVELOPMENT_TEAM = DDL2W3NY34;
				GENERATE_INFOPLIST_FILE = YES;
				INFOPLIST_FILE = WordOfTheDay/Info.plist;
				INFOPLIST_KEY_CFBundleDisplayName = WordOfTheDay;
				INFOPLIST_KEY_NSHumanReadableCopyright = "";
				IPHONEOS_DEPLOYMENT_TARGET = 16.0;
				LD_RUNPATH_SEARCH_PATHS = (
					"$(inherited)",
					"@executable_path/Frameworks",
					"@executable_path/../../Frameworks",
				);
				MARKETING_VERSION = 1.0;
				PRODUCT_BUNDLE_IDENTIFIER = com.chekel.UrbanDictionary.WordOfTheDay;
				PRODUCT_NAME = "$(TARGET_NAME)";
				SKIP_INSTALL = YES;
				SWIFT_EMIT_LOC_STRINGS = YES;
				SWIFT_VERSION = 5.0;
				TARGETED_DEVICE_FAMILY = "1,2";
			};
			name = Debug;
		};
		E01A60162A86CC5B00694C29 /* Release */ = {
			isa = XCBuildConfiguration;
			buildSettings = {
				ASSETCATALOG_COMPILER_GLOBAL_ACCENT_COLOR_NAME = AccentColor;
				ASSETCATALOG_COMPILER_WIDGET_BACKGROUND_COLOR_NAME = WidgetBackground;
				CODE_SIGN_STYLE = Automatic;
				CURRENT_PROJECT_VERSION = 8;
				DEVELOPMENT_TEAM = DDL2W3NY34;
				GENERATE_INFOPLIST_FILE = YES;
				INFOPLIST_FILE = WordOfTheDay/Info.plist;
				INFOPLIST_KEY_CFBundleDisplayName = WordOfTheDay;
				INFOPLIST_KEY_NSHumanReadableCopyright = "";
				IPHONEOS_DEPLOYMENT_TARGET = 16.0;
				LD_RUNPATH_SEARCH_PATHS = (
					"$(inherited)",
					"@executable_path/Frameworks",
					"@executable_path/../../Frameworks",
				);
				MARKETING_VERSION = 1.0;
				PRODUCT_BUNDLE_IDENTIFIER = com.chekel.UrbanDictionary.WordOfTheDay;
				PRODUCT_NAME = "$(TARGET_NAME)";
				SKIP_INSTALL = YES;
				SWIFT_EMIT_LOC_STRINGS = YES;
				SWIFT_VERSION = 5.0;
				TARGETED_DEVICE_FAMILY = "1,2";
			};
			name = Release;
		};
		E0D254402A88FA2500186BA0 /* Debug */ = {
			isa = XCBuildConfiguration;
			buildSettings = {
				ASSETCATALOG_COMPILER_GLOBAL_ACCENT_COLOR_NAME = AccentColor;
				ASSETCATALOG_COMPILER_WIDGET_BACKGROUND_COLOR_NAME = WidgetBackground;
				CODE_SIGN_STYLE = Automatic;
				CURRENT_PROJECT_VERSION = 8;
				DEVELOPMENT_TEAM = DDL2W3NY34;
				GENERATE_INFOPLIST_FILE = YES;
				INFOPLIST_FILE = RandomWord/Info.plist;
				INFOPLIST_KEY_CFBundleDisplayName = RandomWord;
				INFOPLIST_KEY_NSHumanReadableCopyright = "";
				IPHONEOS_DEPLOYMENT_TARGET = 16.0;
				LD_RUNPATH_SEARCH_PATHS = (
					"$(inherited)",
					"@executable_path/Frameworks",
					"@executable_path/../../Frameworks",
				);
				MARKETING_VERSION = 1.0;
				PRODUCT_BUNDLE_IDENTIFIER = com.chekel.UrbanDictionary.RandomWord;
				PRODUCT_NAME = "$(TARGET_NAME)";
				SKIP_INSTALL = YES;
				SWIFT_EMIT_LOC_STRINGS = YES;
				SWIFT_VERSION = 5.0;
				TARGETED_DEVICE_FAMILY = "1,2";
			};
			name = Debug;
		};
		E0D254412A88FA2500186BA0 /* Release */ = {
			isa = XCBuildConfiguration;
			buildSettings = {
				ASSETCATALOG_COMPILER_GLOBAL_ACCENT_COLOR_NAME = AccentColor;
				ASSETCATALOG_COMPILER_WIDGET_BACKGROUND_COLOR_NAME = WidgetBackground;
				CODE_SIGN_STYLE = Automatic;
				CURRENT_PROJECT_VERSION = 8;
				DEVELOPMENT_TEAM = DDL2W3NY34;
				GENERATE_INFOPLIST_FILE = YES;
				INFOPLIST_FILE = RandomWord/Info.plist;
				INFOPLIST_KEY_CFBundleDisplayName = RandomWord;
				INFOPLIST_KEY_NSHumanReadableCopyright = "";
				IPHONEOS_DEPLOYMENT_TARGET = 16.0;
				LD_RUNPATH_SEARCH_PATHS = (
					"$(inherited)",
					"@executable_path/Frameworks",
					"@executable_path/../../Frameworks",
				);
				MARKETING_VERSION = 1.0;
				PRODUCT_BUNDLE_IDENTIFIER = com.chekel.UrbanDictionary.RandomWord;
				PRODUCT_NAME = "$(TARGET_NAME)";
				SKIP_INSTALL = YES;
				SWIFT_EMIT_LOC_STRINGS = YES;
				SWIFT_VERSION = 5.0;
				TARGETED_DEVICE_FAMILY = "1,2";
			};
			name = Release;
		};
/* End XCBuildConfiguration section */

/* Begin XCConfigurationList section */
		E01A5FB42A81113B00694C29 /* Build configuration list for PBXProject "UrbanDictionary" */ = {
			isa = XCConfigurationList;
			buildConfigurations = (
				E01A5FC52A81113C00694C29 /* Debug */,
				E01A5FC62A81113C00694C29 /* Release */,
			);
			defaultConfigurationIsVisible = 0;
			defaultConfigurationName = Release;
		};
		E01A5FC72A81113C00694C29 /* Build configuration list for PBXNativeTarget "UrbanDictionary" */ = {
			isa = XCConfigurationList;
			buildConfigurations = (
				E01A5FC82A81113C00694C29 /* Debug */,
				E01A5FC92A81113C00694C29 /* Release */,
			);
			defaultConfigurationIsVisible = 0;
			defaultConfigurationName = Release;
		};
		E01A60142A86CC5B00694C29 /* Build configuration list for PBXNativeTarget "WordOfTheDayExtension" */ = {
			isa = XCConfigurationList;
			buildConfigurations = (
				E01A60152A86CC5B00694C29 /* Debug */,
				E01A60162A86CC5B00694C29 /* Release */,
			);
			defaultConfigurationIsVisible = 0;
			defaultConfigurationName = Release;
		};
		E0D254422A88FA2500186BA0 /* Build configuration list for PBXNativeTarget "RandomWordExtension" */ = {
			isa = XCConfigurationList;
			buildConfigurations = (
				E0D254402A88FA2500186BA0 /* Debug */,
				E0D254412A88FA2500186BA0 /* Release */,
			);
			defaultConfigurationIsVisible = 0;
			defaultConfigurationName = Release;
		};
/* End XCConfigurationList section */

/* Begin XCVersionGroup section */
		E0A4F31C2AA363F100B25074 /* UrbanDictionary.xcdatamodeld */ = {
			isa = XCVersionGroup;
			children = (
				E0A4F31D2AA363F100B25074 /* UrbanDictionary.xcdatamodel */,
			);
			currentVersion = E0A4F31D2AA363F100B25074 /* UrbanDictionary.xcdatamodel */;
			path = UrbanDictionary.xcdatamodeld;
			sourceTree = "<group>";
			versionGroupType = wrapper.xcdatamodel;
		};
/* End XCVersionGroup section */
	};
	rootObject = E01A5FB12A81113B00694C29 /* Project object */;
}
