// !$*UTF8*$!
{
	archiveVersion = 1;
	classes = {
	};
	objectVersion = 56;
	objects = {

/* Begin PBXBuildFile section */
		E01A5FBD2A81113C00694C29 /* UrbanDictionaryApp.swift in Sources */ = {isa = PBXBuildFile; fileRef = E01A5FBC2A81113C00694C29 /* UrbanDictionaryApp.swift */; };
		E01A5FC12A81113C00694C29 /* Assets.xcassets in Resources */ = {isa = PBXBuildFile; fileRef = E01A5FC02A81113C00694C29 /* Assets.xcassets */; };
		E01A5FC42A81113C00694C29 /* Preview Assets.xcassets in Resources */ = {isa = PBXBuildFile; fileRef = E01A5FC32A81113C00694C29 /* Preview Assets.xcassets */; };
		E01A5FCC2A8119CD00694C29 /* HTTPClient.swift in Sources */ = {isa = PBXBuildFile; fileRef = E01A5FCB2A8119CD00694C29 /* HTTPClient.swift */; };
		E01A5FD52A811C4F00694C29 /* UrbanDictionaryService.swift in Sources */ = {isa = PBXBuildFile; fileRef = E01A5FD42A811C4F00694C29 /* UrbanDictionaryService.swift */; };
		E01A5FD82A811E7500694C29 /* Word.swift in Sources */ = {isa = PBXBuildFile; fileRef = E01A5FD72A811E7500694C29 /* Word.swift */; };
		E01A5FDB2A81275D00694C29 /* WordView.swift in Sources */ = {isa = PBXBuildFile; fileRef = E01A5FDA2A81275D00694C29 /* WordView.swift */; };
		E01A5FDD2A817E2E00694C29 /* ActivityIndicatorView.swift in Sources */ = {isa = PBXBuildFile; fileRef = E01A5FDC2A817E2E00694C29 /* ActivityIndicatorView.swift */; };
		E01A5FE02A81896A00694C29 /* Color+UIColor.swift in Sources */ = {isa = PBXBuildFile; fileRef = E01A5FDF2A81896A00694C29 /* Color+UIColor.swift */; };
		E01A5FE22A81909600694C29 /* SearchView.swift in Sources */ = {isa = PBXBuildFile; fileRef = E01A5FE12A81909600694C29 /* SearchView.swift */; };
		E01A5FE42A8190A200694C29 /* SearchView-ViewModel.swift in Sources */ = {isa = PBXBuildFile; fileRef = E01A5FE32A8190A200694C29 /* SearchView-ViewModel.swift */; };
		E01A5FE62A8198F100694C29 /* Suggestion.swift in Sources */ = {isa = PBXBuildFile; fileRef = E01A5FE52A8198F100694C29 /* Suggestion.swift */; };
		E01A5FE82A819C5D00694C29 /* SuggestionView.swift in Sources */ = {isa = PBXBuildFile; fileRef = E01A5FE72A819C5D00694C29 /* SuggestionView.swift */; };
		E01A5FEA2A8285EC00694C29 /* URL+StaticString.swift in Sources */ = {isa = PBXBuildFile; fileRef = E01A5FE92A8285EC00694C29 /* URL+StaticString.swift */; };
		E01A5FEC2A828D1500694C29 /* ShareSheetView.swift in Sources */ = {isa = PBXBuildFile; fileRef = E01A5FEB2A828D1500694C29 /* ShareSheetView.swift */; };
		E01A5FEE2A82C29C00694C29 /* DefinitionsView.swift in Sources */ = {isa = PBXBuildFile; fileRef = E01A5FED2A82C29C00694C29 /* DefinitionsView.swift */; };
		E01A5FF02A82C2BF00694C29 /* DefinitionsView-ViewModel.swift in Sources */ = {isa = PBXBuildFile; fileRef = E01A5FEF2A82C2BF00694C29 /* DefinitionsView-ViewModel.swift */; };
		E01A5FF32A82C92E00694C29 /* ViewFactory.swift in Sources */ = {isa = PBXBuildFile; fileRef = E01A5FF22A82C92E00694C29 /* ViewFactory.swift */; };
		E01A5FF82A86454B00694C29 /* UrbanDictionaryLinkTransformer.swift in Sources */ = {isa = PBXBuildFile; fileRef = E01A5FF72A86454B00694C29 /* UrbanDictionaryLinkTransformer.swift */; };
		E01A5FFC2A866BA000694C29 /* PresentableMessageView.swift in Sources */ = {isa = PBXBuildFile; fileRef = E01A5FFB2A866BA000694C29 /* PresentableMessageView.swift */; };
		E01A60062A86CC5900694C29 /* WidgetKit.framework in Frameworks */ = {isa = PBXBuildFile; fileRef = E01A60052A86CC5900694C29 /* WidgetKit.framework */; };
		E01A60082A86CC5900694C29 /* SwiftUI.framework in Frameworks */ = {isa = PBXBuildFile; fileRef = E01A60072A86CC5900694C29 /* SwiftUI.framework */; };
		E01A600B2A86CC5900694C29 /* WordOfTheDayBundle.swift in Sources */ = {isa = PBXBuildFile; fileRef = E01A600A2A86CC5900694C29 /* WordOfTheDayBundle.swift */; };
		E01A600D2A86CC5900694C29 /* WordOfTheDay.swift in Sources */ = {isa = PBXBuildFile; fileRef = E01A600C2A86CC5900694C29 /* WordOfTheDay.swift */; };
		E01A600F2A86CC5B00694C29 /* Assets.xcassets in Resources */ = {isa = PBXBuildFile; fileRef = E01A600E2A86CC5B00694C29 /* Assets.xcassets */; };
		E01A60132A86CC5B00694C29 /* WordOfTheDayExtension.appex in Embed Foundation Extensions */ = {isa = PBXBuildFile; fileRef = E01A60032A86CC5900694C29 /* WordOfTheDayExtension.appex */; settings = {ATTRIBUTES = (RemoveHeadersOnCopy, ); }; };
		E01A60182A86CC8E00694C29 /* HTTPClient.swift in Sources */ = {isa = PBXBuildFile; fileRef = E01A5FCB2A8119CD00694C29 /* HTTPClient.swift */; };
		E01A60192A86CC9400694C29 /* UrbanDictionaryService.swift in Sources */ = {isa = PBXBuildFile; fileRef = E01A5FD42A811C4F00694C29 /* UrbanDictionaryService.swift */; };
		E01A601A2A86CC9800694C29 /* Word.swift in Sources */ = {isa = PBXBuildFile; fileRef = E01A5FD72A811E7500694C29 /* Word.swift */; };
		E01A601B2A86CC9B00694C29 /* Suggestion.swift in Sources */ = {isa = PBXBuildFile; fileRef = E01A5FE52A8198F100694C29 /* Suggestion.swift */; };
		E0D254332A88FA2400186BA0 /* WidgetKit.framework in Frameworks */ = {isa = PBXBuildFile; fileRef = E01A60052A86CC5900694C29 /* WidgetKit.framework */; };
		E0D254342A88FA2400186BA0 /* SwiftUI.framework in Frameworks */ = {isa = PBXBuildFile; fileRef = E01A60072A86CC5900694C29 /* SwiftUI.framework */; };
		E0D254372A88FA2400186BA0 /* RandomWordBundle.swift in Sources */ = {isa = PBXBuildFile; fileRef = E0D254362A88FA2400186BA0 /* RandomWordBundle.swift */; };
		E0D254392A88FA2400186BA0 /* RandomWord.swift in Sources */ = {isa = PBXBuildFile; fileRef = E0D254382A88FA2400186BA0 /* RandomWord.swift */; };
		E0D2543B2A88FA2500186BA0 /* Assets.xcassets in Resources */ = {isa = PBXBuildFile; fileRef = E0D2543A2A88FA2500186BA0 /* Assets.xcassets */; };
		E0D2543F2A88FA2500186BA0 /* RandomWordExtension.appex in Embed Foundation Extensions */ = {isa = PBXBuildFile; fileRef = E0D254322A88FA2400186BA0 /* RandomWordExtension.appex */; settings = {ATTRIBUTES = (RemoveHeadersOnCopy, ); }; };
		E0D254432A88FA4D00186BA0 /* HTTPClient.swift in Sources */ = {isa = PBXBuildFile; fileRef = E01A5FCB2A8119CD00694C29 /* HTTPClient.swift */; };
		E0D254442A88FA5800186BA0 /* UrbanDictionaryLinkTransformer.swift in Sources */ = {isa = PBXBuildFile; fileRef = E01A5FF72A86454B00694C29 /* UrbanDictionaryLinkTransformer.swift */; };
		E0D254452A88FA5800186BA0 /* UrbanDictionaryLinkTransformer.swift in Sources */ = {isa = PBXBuildFile; fileRef = E01A5FF72A86454B00694C29 /* UrbanDictionaryLinkTransformer.swift */; };
		E0D254462A88FA5A00186BA0 /* Word.swift in Sources */ = {isa = PBXBuildFile; fileRef = E01A5FD72A811E7500694C29 /* Word.swift */; };
		E0D254472A88FA5D00186BA0 /* UrbanDictionaryService.swift in Sources */ = {isa = PBXBuildFile; fileRef = E01A5FD42A811C4F00694C29 /* UrbanDictionaryService.swift */; };
		E0D254482A88FA5F00186BA0 /* Suggestion.swift in Sources */ = {isa = PBXBuildFile; fileRef = E01A5FE52A8198F100694C29 /* Suggestion.swift */; };
		E0D2544A2A8957A500186BA0 /* DefinitionView.swift in Sources */ = {isa = PBXBuildFile; fileRef = E0D254492A8957A500186BA0 /* DefinitionView.swift */; };
		E0D2544C2A8957BC00186BA0 /* DefinitionView-ViewModel.swift in Sources */ = {isa = PBXBuildFile; fileRef = E0D2544B2A8957BC00186BA0 /* DefinitionView-ViewModel.swift */; };
/* End PBXBuildFile section */

/* Begin PBXContainerItemProxy section */
		E01A60112A86CC5B00694C29 /* PBXContainerItemProxy */ = {
			isa = PBXContainerItemProxy;
			containerPortal = E01A5FB12A81113B00694C29 /* Project object */;
			proxyType = 1;
			remoteGlobalIDString = E01A60022A86CC5900694C29;
			remoteInfo = WordOfTheDayExtension;
		};
		E0D2543D2A88FA2500186BA0 /* PBXContainerItemProxy */ = {
			isa = PBXContainerItemProxy;
			containerPortal = E01A5FB12A81113B00694C29 /* Project object */;
			proxyType = 1;
			remoteGlobalIDString = E0D254312A88FA2400186BA0;
			remoteInfo = RandomWordExtension;
		};
/* End PBXContainerItemProxy section */

/* Begin PBXCopyFilesBuildPhase section */
		E01A60172A86CC5B00694C29 /* Embed Foundation Extensions */ = {
			isa = PBXCopyFilesBuildPhase;
			buildActionMask = 2147483647;
			dstPath = "";
			dstSubfolderSpec = 13;
			files = (
				E01A60132A86CC5B00694C29 /* WordOfTheDayExtension.appex in Embed Foundation Extensions */,
				E0D2543F2A88FA2500186BA0 /* RandomWordExtension.appex in Embed Foundation Extensions */,
			);
			name = "Embed Foundation Extensions";
			runOnlyForDeploymentPostprocessing = 0;
		};
/* End PBXCopyFilesBuildPhase section */

/* Begin PBXFileReference section */
		E01A5FB92A81113C00694C29 /* UrbanDictionary.app */ = {isa = PBXFileReference; explicitFileType = wrapper.application; includeInIndex = 0; path = UrbanDictionary.app; sourceTree = BUILT_PRODUCTS_DIR; };
		E01A5FBC2A81113C00694C29 /* UrbanDictionaryApp.swift */ = {isa = PBXFileReference; lastKnownFileType = sourcecode.swift; path = UrbanDictionaryApp.swift; sourceTree = "<group>"; };
		E01A5FC02A81113C00694C29 /* Assets.xcassets */ = {isa = PBXFileReference; lastKnownFileType = folder.assetcatalog; path = Assets.xcassets; sourceTree = "<group>"; };
		E01A5FC32A81113C00694C29 /* Preview Assets.xcassets */ = {isa = PBXFileReference; lastKnownFileType = folder.assetcatalog; path = "Preview Assets.xcassets"; sourceTree = "<group>"; };
		E01A5FCB2A8119CD00694C29 /* HTTPClient.swift */ = {isa = PBXFileReference; lastKnownFileType = sourcecode.swift; path = HTTPClient.swift; sourceTree = "<group>"; };
		E01A5FD42A811C4F00694C29 /* UrbanDictionaryService.swift */ = {isa = PBXFileReference; lastKnownFileType = sourcecode.swift; path = UrbanDictionaryService.swift; sourceTree = "<group>"; };
		E01A5FD72A811E7500694C29 /* Word.swift */ = {isa = PBXFileReference; lastKnownFileType = sourcecode.swift; path = Word.swift; sourceTree = "<group>"; };
		E01A5FDA2A81275D00694C29 /* WordView.swift */ = {isa = PBXFileReference; lastKnownFileType = sourcecode.swift; path = WordView.swift; sourceTree = "<group>"; };
		E01A5FDC2A817E2E00694C29 /* ActivityIndicatorView.swift */ = {isa = PBXFileReference; lastKnownFileType = sourcecode.swift; path = ActivityIndicatorView.swift; sourceTree = "<group>"; };
		E01A5FDF2A81896A00694C29 /* Color+UIColor.swift */ = {isa = PBXFileReference; lastKnownFileType = sourcecode.swift; path = "Color+UIColor.swift"; sourceTree = "<group>"; };
		E01A5FE12A81909600694C29 /* SearchView.swift */ = {isa = PBXFileReference; lastKnownFileType = sourcecode.swift; path = SearchView.swift; sourceTree = "<group>"; };
		E01A5FE32A8190A200694C29 /* SearchView-ViewModel.swift */ = {isa = PBXFileReference; lastKnownFileType = sourcecode.swift; path = "SearchView-ViewModel.swift"; sourceTree = "<group>"; };
		E01A5FE52A8198F100694C29 /* Suggestion.swift */ = {isa = PBXFileReference; lastKnownFileType = sourcecode.swift; path = Suggestion.swift; sourceTree = "<group>"; };
		E01A5FE72A819C5D00694C29 /* SuggestionView.swift */ = {isa = PBXFileReference; lastKnownFileType = sourcecode.swift; path = SuggestionView.swift; sourceTree = "<group>"; };
		E01A5FE92A8285EC00694C29 /* URL+StaticString.swift */ = {isa = PBXFileReference; lastKnownFileType = sourcecode.swift; path = "URL+StaticString.swift"; sourceTree = "<group>"; };
		E01A5FEB2A828D1500694C29 /* ShareSheetView.swift */ = {isa = PBXFileReference; lastKnownFileType = sourcecode.swift; path = ShareSheetView.swift; sourceTree = "<group>"; };
		E01A5FED2A82C29C00694C29 /* DefinitionsView.swift */ = {isa = PBXFileReference; lastKnownFileType = sourcecode.swift; path = DefinitionsView.swift; sourceTree = "<group>"; };
		E01A5FEF2A82C2BF00694C29 /* DefinitionsView-ViewModel.swift */ = {isa = PBXFileReference; lastKnownFileType = sourcecode.swift; path = "DefinitionsView-ViewModel.swift"; sourceTree = "<group>"; };
		E01A5FF22A82C92E00694C29 /* ViewFactory.swift */ = {isa = PBXFileReference; lastKnownFileType = sourcecode.swift; path = ViewFactory.swift; sourceTree = "<group>"; };
		E01A5FF72A86454B00694C29 /* UrbanDictionaryLinkTransformer.swift */ = {isa = PBXFileReference; lastKnownFileType = sourcecode.swift; path = UrbanDictionaryLinkTransformer.swift; sourceTree = "<group>"; };
		E01A5FFB2A866BA000694C29 /* PresentableMessageView.swift */ = {isa = PBXFileReference; lastKnownFileType = sourcecode.swift; path = PresentableMessageView.swift; sourceTree = "<group>"; };
		E01A60032A86CC5900694C29 /* WordOfTheDayExtension.appex */ = {isa = PBXFileReference; explicitFileType = "wrapper.app-extension"; includeInIndex = 0; path = WordOfTheDayExtension.appex; sourceTree = BUILT_PRODUCTS_DIR; };
		E01A60052A86CC5900694C29 /* WidgetKit.framework */ = {isa = PBXFileReference; lastKnownFileType = wrapper.framework; name = WidgetKit.framework; path = System/Library/Frameworks/WidgetKit.framework; sourceTree = SDKROOT; };
		E01A60072A86CC5900694C29 /* SwiftUI.framework */ = {isa = PBXFileReference; lastKnownFileType = wrapper.framework; name = SwiftUI.framework; path = System/Library/Frameworks/SwiftUI.framework; sourceTree = SDKROOT; };
		E01A600A2A86CC5900694C29 /* WordOfTheDayBundle.swift */ = {isa = PBXFileReference; lastKnownFileType = sourcecode.swift; path = WordOfTheDayBundle.swift; sourceTree = "<group>"; };
		E01A600C2A86CC5900694C29 /* WordOfTheDay.swift */ = {isa = PBXFileReference; lastKnownFileType = sourcecode.swift; path = WordOfTheDay.swift; sourceTree = "<group>"; };
		E01A600E2A86CC5B00694C29 /* Assets.xcassets */ = {isa = PBXFileReference; lastKnownFileType = folder.assetcatalog; path = Assets.xcassets; sourceTree = "<group>"; };
		E01A60102A86CC5B00694C29 /* Info.plist */ = {isa = PBXFileReference; lastKnownFileType = text.plist.xml; path = Info.plist; sourceTree = "<group>"; };
		E0D254322A88FA2400186BA0 /* RandomWordExtension.appex */ = {isa = PBXFileReference; explicitFileType = "wrapper.app-extension"; includeInIndex = 0; path = RandomWordExtension.appex; sourceTree = BUILT_PRODUCTS_DIR; };
		E0D254362A88FA2400186BA0 /* RandomWordBundle.swift */ = {isa = PBXFileReference; lastKnownFileType = sourcecode.swift; path = RandomWordBundle.swift; sourceTree = "<group>"; };
		E0D254382A88FA2400186BA0 /* RandomWord.swift */ = {isa = PBXFileReference; lastKnownFileType = sourcecode.swift; path = RandomWord.swift; sourceTree = "<group>"; };
		E0D2543A2A88FA2500186BA0 /* Assets.xcassets */ = {isa = PBXFileReference; lastKnownFileType = folder.assetcatalog; path = Assets.xcassets; sourceTree = "<group>"; };
		E0D2543C2A88FA2500186BA0 /* Info.plist */ = {isa = PBXFileReference; lastKnownFileType = text.plist.xml; path = Info.plist; sourceTree = "<group>"; };
		E0D254492A8957A500186BA0 /* DefinitionView.swift */ = {isa = PBXFileReference; lastKnownFileType = sourcecode.swift; path = DefinitionView.swift; sourceTree = "<group>"; };
		E0D2544B2A8957BC00186BA0 /* DefinitionView-ViewModel.swift */ = {isa = PBXFileReference; lastKnownFileType = sourcecode.swift; path = "DefinitionView-ViewModel.swift"; sourceTree = "<group>"; };
/* End PBXFileReference section */

/* Begin PBXFrameworksBuildPhase section */
		E01A5FB62A81113C00694C29 /* Frameworks */ = {
			isa = PBXFrameworksBuildPhase;
			buildActionMask = 2147483647;
			files = (
			);
			runOnlyForDeploymentPostprocessing = 0;
		};
		E01A60002A86CC5900694C29 /* Frameworks */ = {
			isa = PBXFrameworksBuildPhase;
			buildActionMask = 2147483647;
			files = (
				E01A60082A86CC5900694C29 /* SwiftUI.framework in Frameworks */,
				E01A60062A86CC5900694C29 /* WidgetKit.framework in Frameworks */,
			);
			runOnlyForDeploymentPostprocessing = 0;
		};
		E0D2542F2A88FA2400186BA0 /* Frameworks */ = {
			isa = PBXFrameworksBuildPhase;
			buildActionMask = 2147483647;
			files = (
				E0D254342A88FA2400186BA0 /* SwiftUI.framework in Frameworks */,
				E0D254332A88FA2400186BA0 /* WidgetKit.framework in Frameworks */,
			);
			runOnlyForDeploymentPostprocessing = 0;
		};
/* End PBXFrameworksBuildPhase section */

/* Begin PBXGroup section */
		E01A5FB02A81113B00694C29 = {
			isa = PBXGroup;
			children = (
				E01A5FBB2A81113C00694C29 /* UrbanDictionary */,
				E01A60092A86CC5900694C29 /* WordOfTheDay */,
				E0D254352A88FA2400186BA0 /* RandomWord */,
				E01A60042A86CC5900694C29 /* Frameworks */,
				E01A5FBA2A81113C00694C29 /* Products */,
			);
			sourceTree = "<group>";
		};
		E01A5FBA2A81113C00694C29 /* Products */ = {
			isa = PBXGroup;
			children = (
				E01A5FB92A81113C00694C29 /* UrbanDictionary.app */,
				E01A60032A86CC5900694C29 /* WordOfTheDayExtension.appex */,
				E0D254322A88FA2400186BA0 /* RandomWordExtension.appex */,
			);
			name = Products;
			sourceTree = "<group>";
		};
		E01A5FBB2A81113C00694C29 /* UrbanDictionary */ = {
			isa = PBXGroup;
			children = (
				E01A5FDE2A81896200694C29 /* Helpers */,
				E01A5FD22A811C3800694C29 /* Services */,
				E01A5FCD2A811A4F00694C29 /* Views */,
				E01A5FCA2A8119C400694C29 /* HTTPClient */,
				E01A5FBC2A81113C00694C29 /* UrbanDictionaryApp.swift */,
				E01A5FC02A81113C00694C29 /* Assets.xcassets */,
				E01A5FC22A81113C00694C29 /* Preview Content */,
			);
			path = UrbanDictionary;
			sourceTree = "<group>";
		};
		E01A5FC22A81113C00694C29 /* Preview Content */ = {
			isa = PBXGroup;
			children = (
				E01A5FC32A81113C00694C29 /* Preview Assets.xcassets */,
			);
			path = "Preview Content";
			sourceTree = "<group>";
		};
		E01A5FCA2A8119C400694C29 /* HTTPClient */ = {
			isa = PBXGroup;
			children = (
				E01A5FCB2A8119CD00694C29 /* HTTPClient.swift */,
			);
			path = HTTPClient;
			sourceTree = "<group>";
		};
		E01A5FCD2A811A4F00694C29 /* Views */ = {
			isa = PBXGroup;
			children = (
				E01A5FF12A82C92100694C29 /* ViewFactory */,
				E01A5FD92A81273F00694C29 /* Components */,
				E0D254492A8957A500186BA0 /* DefinitionView.swift */,
				E0D2544B2A8957BC00186BA0 /* DefinitionView-ViewModel.swift */,
				E01A5FED2A82C29C00694C29 /* DefinitionsView.swift */,
				E01A5FEF2A82C2BF00694C29 /* DefinitionsView-ViewModel.swift */,
				E01A5FE12A81909600694C29 /* SearchView.swift */,
				E01A5FE32A8190A200694C29 /* SearchView-ViewModel.swift */,
			);
			path = Views;
			sourceTree = "<group>";
		};
		E01A5FD22A811C3800694C29 /* Services */ = {
			isa = PBXGroup;
			children = (
				E01A5FD32A811C3C00694C29 /* UrbanDictionaryService */,
			);
			path = Services;
			sourceTree = "<group>";
		};
		E01A5FD32A811C3C00694C29 /* UrbanDictionaryService */ = {
			isa = PBXGroup;
			children = (
				E01A5FF62A86452400694C29 /* Transformers */,
				E01A5FD62A811C7600694C29 /* Models */,
				E01A5FD42A811C4F00694C29 /* UrbanDictionaryService.swift */,
			);
			path = UrbanDictionaryService;
			sourceTree = "<group>";
		};
		E01A5FD62A811C7600694C29 /* Models */ = {
			isa = PBXGroup;
			children = (
				E01A5FD72A811E7500694C29 /* Word.swift */,
				E01A5FE52A8198F100694C29 /* Suggestion.swift */,
			);
			path = Models;
			sourceTree = "<group>";
		};
		E01A5FD92A81273F00694C29 /* Components */ = {
			isa = PBXGroup;
			children = (
				E01A5FDA2A81275D00694C29 /* WordView.swift */,
				E01A5FE72A819C5D00694C29 /* SuggestionView.swift */,
				E01A5FDC2A817E2E00694C29 /* ActivityIndicatorView.swift */,
				E01A5FEB2A828D1500694C29 /* ShareSheetView.swift */,
				E01A5FFB2A866BA000694C29 /* PresentableMessageView.swift */,
			);
			path = Components;
			sourceTree = "<group>";
		};
		E01A5FDE2A81896200694C29 /* Helpers */ = {
			isa = PBXGroup;
			children = (
				E01A5FDF2A81896A00694C29 /* Color+UIColor.swift */,
				E01A5FE92A8285EC00694C29 /* URL+StaticString.swift */,
			);
			path = Helpers;
			sourceTree = "<group>";
		};
		E01A5FF12A82C92100694C29 /* ViewFactory */ = {
			isa = PBXGroup;
			children = (
				E01A5FF22A82C92E00694C29 /* ViewFactory.swift */,
			);
			path = ViewFactory;
			sourceTree = "<group>";
		};
		E01A5FF62A86452400694C29 /* Transformers */ = {
			isa = PBXGroup;
			children = (
				E01A5FF72A86454B00694C29 /* UrbanDictionaryLinkTransformer.swift */,
			);
			path = Transformers;
			sourceTree = "<group>";
		};
		E01A60042A86CC5900694C29 /* Frameworks */ = {
			isa = PBXGroup;
			children = (
				E01A60052A86CC5900694C29 /* WidgetKit.framework */,
				E01A60072A86CC5900694C29 /* SwiftUI.framework */,
			);
			name = Frameworks;
			sourceTree = "<group>";
		};
		E01A60092A86CC5900694C29 /* WordOfTheDay */ = {
			isa = PBXGroup;
			children = (
				E01A600A2A86CC5900694C29 /* WordOfTheDayBundle.swift */,
				E01A600C2A86CC5900694C29 /* WordOfTheDay.swift */,
				E01A600E2A86CC5B00694C29 /* Assets.xcassets */,
				E01A60102A86CC5B00694C29 /* Info.plist */,
			);
			path = WordOfTheDay;
			sourceTree = "<group>";
		};
		E0D254352A88FA2400186BA0 /* RandomWord */ = {
			isa = PBXGroup;
			children = (
				E0D254362A88FA2400186BA0 /* RandomWordBundle.swift */,
				E0D254382A88FA2400186BA0 /* RandomWord.swift */,
				E0D2543A2A88FA2500186BA0 /* Assets.xcassets */,
				E0D2543C2A88FA2500186BA0 /* Info.plist */,
			);
			path = RandomWord;
			sourceTree = "<group>";
		};
/* End PBXGroup section */

/* Begin PBXNativeTarget section */
		E01A5FB82A81113C00694C29 /* UrbanDictionary */ = {
			isa = PBXNativeTarget;
			buildConfigurationList = E01A5FC72A81113C00694C29 /* Build configuration list for PBXNativeTarget "UrbanDictionary" */;
			buildPhases = (
				E01A5FB52A81113C00694C29 /* Sources */,
				E01A5FB62A81113C00694C29 /* Frameworks */,
				E01A5FB72A81113C00694C29 /* Resources */,
				E01A60172A86CC5B00694C29 /* Embed Foundation Extensions */,
			);
			buildRules = (
			);
			dependencies = (
				E01A60122A86CC5B00694C29 /* PBXTargetDependency */,
				E0D2543E2A88FA2500186BA0 /* PBXTargetDependency */,
			);
			name = UrbanDictionary;
			productName = UrbanDictionary;
			productReference = E01A5FB92A81113C00694C29 /* UrbanDictionary.app */;
			productType = "com.apple.product-type.application";
		};
		E01A60022A86CC5900694C29 /* WordOfTheDayExtension */ = {
			isa = PBXNativeTarget;
			buildConfigurationList = E01A60142A86CC5B00694C29 /* Build configuration list for PBXNativeTarget "WordOfTheDayExtension" */;
			buildPhases = (
				E01A5FFF2A86CC5900694C29 /* Sources */,
				E01A60002A86CC5900694C29 /* Frameworks */,
				E01A60012A86CC5900694C29 /* Resources */,
			);
			buildRules = (
			);
			dependencies = (
			);
			name = WordOfTheDayExtension;
			productName = WordOfTheDayExtension;
			productReference = E01A60032A86CC5900694C29 /* WordOfTheDayExtension.appex */;
			productType = "com.apple.product-type.app-extension";
		};
		E0D254312A88FA2400186BA0 /* RandomWordExtension */ = {
			isa = PBXNativeTarget;
			buildConfigurationList = E0D254422A88FA2500186BA0 /* Build configuration list for PBXNativeTarget "RandomWordExtension" */;
			buildPhases = (
				E0D2542E2A88FA2400186BA0 /* Sources */,
				E0D2542F2A88FA2400186BA0 /* Frameworks */,
				E0D254302A88FA2400186BA0 /* Resources */,
			);
			buildRules = (
			);
			dependencies = (
			);
			name = RandomWordExtension;
			productName = RandomWordExtension;
			productReference = E0D254322A88FA2400186BA0 /* RandomWordExtension.appex */;
			productType = "com.apple.product-type.app-extension";
		};
/* End PBXNativeTarget section */

/* Begin PBXProject section */
		E01A5FB12A81113B00694C29 /* Project object */ = {
			isa = PBXProject;
			attributes = {
				BuildIndependentTargetsInParallel = 1;
				LastSwiftUpdateCheck = 1410;
				LastUpgradeCheck = 1410;
				TargetAttributes = {
					E01A5FB82A81113C00694C29 = {
						CreatedOnToolsVersion = 14.1;
					};
					E01A60022A86CC5900694C29 = {
						CreatedOnToolsVersion = 14.1;
					};
					E0D254312A88FA2400186BA0 = {
						CreatedOnToolsVersion = 14.1;
					};
				};
			};
			buildConfigurationList = E01A5FB42A81113B00694C29 /* Build configuration list for PBXProject "UrbanDictionary" */;
			compatibilityVersion = "Xcode 14.0";
			developmentRegion = en;
			hasScannedForEncodings = 0;
			knownRegions = (
				en,
				Base,
			);
			mainGroup = E01A5FB02A81113B00694C29;
			productRefGroup = E01A5FBA2A81113C00694C29 /* Products */;
			projectDirPath = "";
			projectRoot = "";
			targets = (
				E01A5FB82A81113C00694C29 /* UrbanDictionary */,
				E01A60022A86CC5900694C29 /* WordOfTheDayExtension */,
				E0D254312A88FA2400186BA0 /* RandomWordExtension */,
			);
		};
/* End PBXProject section */

/* Begin PBXResourcesBuildPhase section */
		E01A5FB72A81113C00694C29 /* Resources */ = {
			isa = PBXResourcesBuildPhase;
			buildActionMask = 2147483647;
			files = (
				E01A5FC42A81113C00694C29 /* Preview Assets.xcassets in Resources */,
				E01A5FC12A81113C00694C29 /* Assets.xcassets in Resources */,
			);
			runOnlyForDeploymentPostprocessing = 0;
		};
		E01A60012A86CC5900694C29 /* Resources */ = {
			isa = PBXResourcesBuildPhase;
			buildActionMask = 2147483647;
			files = (
				E01A600F2A86CC5B00694C29 /* Assets.xcassets in Resources */,
			);
			runOnlyForDeploymentPostprocessing = 0;
		};
		E0D254302A88FA2400186BA0 /* Resources */ = {
			isa = PBXResourcesBuildPhase;
			buildActionMask = 2147483647;
			files = (
				E0D2543B2A88FA2500186BA0 /* Assets.xcassets in Resources */,
			);
			runOnlyForDeploymentPostprocessing = 0;
		};
/* End PBXResourcesBuildPhase section */

/* Begin PBXSourcesBuildPhase section */
		E01A5FB52A81113C00694C29 /* Sources */ = {
			isa = PBXSourcesBuildPhase;
			buildActionMask = 2147483647;
			files = (
				E0D2544A2A8957A500186BA0 /* DefinitionView.swift in Sources */,
				E01A5FDB2A81275D00694C29 /* WordView.swift in Sources */,
				E01A5FD52A811C4F00694C29 /* UrbanDictionaryService.swift in Sources */,
				E01A5FF02A82C2BF00694C29 /* DefinitionsView-ViewModel.swift in Sources */,
				E01A5FD82A811E7500694C29 /* Word.swift in Sources */,
				E01A5FFC2A866BA000694C29 /* PresentableMessageView.swift in Sources */,
				E0D2544C2A8957BC00186BA0 /* DefinitionView-ViewModel.swift in Sources */,
				E01A5FE02A81896A00694C29 /* Color+UIColor.swift in Sources */,
				E01A5FE62A8198F100694C29 /* Suggestion.swift in Sources */,
				E01A5FEC2A828D1500694C29 /* ShareSheetView.swift in Sources */,
				E01A5FEE2A82C29C00694C29 /* DefinitionsView.swift in Sources */,
				E01A5FEA2A8285EC00694C29 /* URL+StaticString.swift in Sources */,
				E01A5FE82A819C5D00694C29 /* SuggestionView.swift in Sources */,
				E01A5FDD2A817E2E00694C29 /* ActivityIndicatorView.swift in Sources */,
				E01A5FF32A82C92E00694C29 /* ViewFactory.swift in Sources */,
				E01A5FF82A86454B00694C29 /* UrbanDictionaryLinkTransformer.swift in Sources */,
				E01A5FBD2A81113C00694C29 /* UrbanDictionaryApp.swift in Sources */,
				E01A5FCC2A8119CD00694C29 /* HTTPClient.swift in Sources */,
				E01A5FE22A81909600694C29 /* SearchView.swift in Sources */,
				E01A5FE42A8190A200694C29 /* SearchView-ViewModel.swift in Sources */,
			);
			runOnlyForDeploymentPostprocessing = 0;
		};
		E01A5FFF2A86CC5900694C29 /* Sources */ = {
			isa = PBXSourcesBuildPhase;
			buildActionMask = 2147483647;
			files = (
				E0D254442A88FA5800186BA0 /* UrbanDictionaryLinkTransformer.swift in Sources */,
				E01A600B2A86CC5900694C29 /* WordOfTheDayBundle.swift in Sources */,
				E01A600D2A86CC5900694C29 /* WordOfTheDay.swift in Sources */,
				E01A601A2A86CC9800694C29 /* Word.swift in Sources */,
				E01A60192A86CC9400694C29 /* UrbanDictionaryService.swift in Sources */,
				E01A60182A86CC8E00694C29 /* HTTPClient.swift in Sources */,
				E01A601B2A86CC9B00694C29 /* Suggestion.swift in Sources */,
			);
			runOnlyForDeploymentPostprocessing = 0;
		};
		E0D2542E2A88FA2400186BA0 /* Sources */ = {
			isa = PBXSourcesBuildPhase;
			buildActionMask = 2147483647;
			files = (
				E0D254472A88FA5D00186BA0 /* UrbanDictionaryService.swift in Sources */,
				E0D254392A88FA2400186BA0 /* RandomWord.swift in Sources */,
				E0D254372A88FA2400186BA0 /* RandomWordBundle.swift in Sources */,
				E0D254462A88FA5A00186BA0 /* Word.swift in Sources */,
				E0D254452A88FA5800186BA0 /* UrbanDictionaryLinkTransformer.swift in Sources */,
				E0D254482A88FA5F00186BA0 /* Suggestion.swift in Sources */,
				E0D254432A88FA4D00186BA0 /* HTTPClient.swift in Sources */,
			);
			runOnlyForDeploymentPostprocessing = 0;
		};
/* End PBXSourcesBuildPhase section */

/* Begin PBXTargetDependency section */
		E01A60122A86CC5B00694C29 /* PBXTargetDependency */ = {
			isa = PBXTargetDependency;
			target = E01A60022A86CC5900694C29 /* WordOfTheDayExtension */;
			targetProxy = E01A60112A86CC5B00694C29 /* PBXContainerItemProxy */;
		};
		E0D2543E2A88FA2500186BA0 /* PBXTargetDependency */ = {
			isa = PBXTargetDependency;
			target = E0D254312A88FA2400186BA0 /* RandomWordExtension */;
			targetProxy = E0D2543D2A88FA2500186BA0 /* PBXContainerItemProxy */;
		};
/* End PBXTargetDependency section */

/* Begin XCBuildConfiguration section */
		E01A5FC52A81113C00694C29 /* Debug */ = {
			isa = XCBuildConfiguration;
			buildSettings = {
				ALWAYS_SEARCH_USER_PATHS = NO;
				CLANG_ANALYZER_NONNULL = YES;
				CLANG_ANALYZER_NUMBER_OBJECT_CONVERSION = YES_AGGRESSIVE;
				CLANG_CXX_LANGUAGE_STANDARD = "gnu++20";
				CLANG_ENABLE_MODULES = YES;
				CLANG_ENABLE_OBJC_ARC = YES;
				CLANG_ENABLE_OBJC_WEAK = YES;
				CLANG_WARN_BLOCK_CAPTURE_AUTORELEASING = YES;
				CLANG_WARN_BOOL_CONVERSION = YES;
				CLANG_WARN_COMMA = YES;
				CLANG_WARN_CONSTANT_CONVERSION = YES;
				CLANG_WARN_DEPRECATED_OBJC_IMPLEMENTATIONS = YES;
				CLANG_WARN_DIRECT_OBJC_ISA_USAGE = YES_ERROR;
				CLANG_WARN_DOCUMENTATION_COMMENTS = YES;
				CLANG_WARN_EMPTY_BODY = YES;
				CLANG_WARN_ENUM_CONVERSION = YES;
				CLANG_WARN_INFINITE_RECURSION = YES;
				CLANG_WARN_INT_CONVERSION = YES;
				CLANG_WARN_NON_LITERAL_NULL_CONVERSION = YES;
				CLANG_WARN_OBJC_IMPLICIT_RETAIN_SELF = YES;
				CLANG_WARN_OBJC_LITERAL_CONVERSION = YES;
				CLANG_WARN_OBJC_ROOT_CLASS = YES_ERROR;
				CLANG_WARN_QUOTED_INCLUDE_IN_FRAMEWORK_HEADER = YES;
				CLANG_WARN_RANGE_LOOP_ANALYSIS = YES;
				CLANG_WARN_STRICT_PROTOTYPES = YES;
				CLANG_WARN_SUSPICIOUS_MOVE = YES;
				CLANG_WARN_UNGUARDED_AVAILABILITY = YES_AGGRESSIVE;
				CLANG_WARN_UNREACHABLE_CODE = YES;
				CLANG_WARN__DUPLICATE_METHOD_MATCH = YES;
				COPY_PHASE_STRIP = NO;
				DEBUG_INFORMATION_FORMAT = dwarf;
				ENABLE_STRICT_OBJC_MSGSEND = YES;
				ENABLE_TESTABILITY = YES;
				GCC_C_LANGUAGE_STANDARD = gnu11;
				GCC_DYNAMIC_NO_PIC = NO;
				GCC_NO_COMMON_BLOCKS = YES;
				GCC_OPTIMIZATION_LEVEL = 0;
				GCC_PREPROCESSOR_DEFINITIONS = (
					"DEBUG=1",
					"$(inherited)",
				);
				GCC_WARN_64_TO_32_BIT_CONVERSION = YES;
				GCC_WARN_ABOUT_RETURN_TYPE = YES_ERROR;
				GCC_WARN_UNDECLARED_SELECTOR = YES;
				GCC_WARN_UNINITIALIZED_AUTOS = YES_AGGRESSIVE;
				GCC_WARN_UNUSED_FUNCTION = YES;
				GCC_WARN_UNUSED_VARIABLE = YES;
				IPHONEOS_DEPLOYMENT_TARGET = 16.1;
				MTL_ENABLE_DEBUG_INFO = INCLUDE_SOURCE;
				MTL_FAST_MATH = YES;
				ONLY_ACTIVE_ARCH = YES;
				SDKROOT = iphoneos;
				SWIFT_ACTIVE_COMPILATION_CONDITIONS = DEBUG;
				SWIFT_OPTIMIZATION_LEVEL = "-Onone";
			};
			name = Debug;
		};
		E01A5FC62A81113C00694C29 /* Release */ = {
			isa = XCBuildConfiguration;
			buildSettings = {
				ALWAYS_SEARCH_USER_PATHS = NO;
				CLANG_ANALYZER_NONNULL = YES;
				CLANG_ANALYZER_NUMBER_OBJECT_CONVERSION = YES_AGGRESSIVE;
				CLANG_CXX_LANGUAGE_STANDARD = "gnu++20";
				CLANG_ENABLE_MODULES = YES;
				CLANG_ENABLE_OBJC_ARC = YES;
				CLANG_ENABLE_OBJC_WEAK = YES;
				CLANG_WARN_BLOCK_CAPTURE_AUTORELEASING = YES;
				CLANG_WARN_BOOL_CONVERSION = YES;
				CLANG_WARN_COMMA = YES;
				CLANG_WARN_CONSTANT_CONVERSION = YES;
				CLANG_WARN_DEPRECATED_OBJC_IMPLEMENTATIONS = YES;
				CLANG_WARN_DIRECT_OBJC_ISA_USAGE = YES_ERROR;
				CLANG_WARN_DOCUMENTATION_COMMENTS = YES;
				CLANG_WARN_EMPTY_BODY = YES;
				CLANG_WARN_ENUM_CONVERSION = YES;
				CLANG_WARN_INFINITE_RECURSION = YES;
				CLANG_WARN_INT_CONVERSION = YES;
				CLANG_WARN_NON_LITERAL_NULL_CONVERSION = YES;
				CLANG_WARN_OBJC_IMPLICIT_RETAIN_SELF = YES;
				CLANG_WARN_OBJC_LITERAL_CONVERSION = YES;
				CLANG_WARN_OBJC_ROOT_CLASS = YES_ERROR;
				CLANG_WARN_QUOTED_INCLUDE_IN_FRAMEWORK_HEADER = YES;
				CLANG_WARN_RANGE_LOOP_ANALYSIS = YES;
				CLANG_WARN_STRICT_PROTOTYPES = YES;
				CLANG_WARN_SUSPICIOUS_MOVE = YES;
				CLANG_WARN_UNGUARDED_AVAILABILITY = YES_AGGRESSIVE;
				CLANG_WARN_UNREACHABLE_CODE = YES;
				CLANG_WARN__DUPLICATE_METHOD_MATCH = YES;
				COPY_PHASE_STRIP = NO;
				DEBUG_INFORMATION_FORMAT = "dwarf-with-dsym";
				ENABLE_NS_ASSERTIONS = NO;
				ENABLE_STRICT_OBJC_MSGSEND = YES;
				GCC_C_LANGUAGE_STANDARD = gnu11;
				GCC_NO_COMMON_BLOCKS = YES;
				GCC_WARN_64_TO_32_BIT_CONVERSION = YES;
				GCC_WARN_ABOUT_RETURN_TYPE = YES_ERROR;
				GCC_WARN_UNDECLARED_SELECTOR = YES;
				GCC_WARN_UNINITIALIZED_AUTOS = YES_AGGRESSIVE;
				GCC_WARN_UNUSED_FUNCTION = YES;
				GCC_WARN_UNUSED_VARIABLE = YES;
				IPHONEOS_DEPLOYMENT_TARGET = 16.1;
				MTL_ENABLE_DEBUG_INFO = NO;
				MTL_FAST_MATH = YES;
				SDKROOT = iphoneos;
				SWIFT_COMPILATION_MODE = wholemodule;
				SWIFT_OPTIMIZATION_LEVEL = "-O";
				VALIDATE_PRODUCT = YES;
			};
			name = Release;
		};
		E01A5FC82A81113C00694C29 /* Debug */ = {
			isa = XCBuildConfiguration;
			buildSettings = {
				ALWAYS_EMBED_SWIFT_STANDARD_LIBRARIES = YES;
				ASSETCATALOG_COMPILER_APPICON_NAME = AppIcon;
				ASSETCATALOG_COMPILER_GLOBAL_ACCENT_COLOR_NAME = AccentColor;
				CODE_SIGN_STYLE = Automatic;
				CURRENT_PROJECT_VERSION = 2;
				DEVELOPMENT_ASSET_PATHS = "\"UrbanDictionary/Preview Content\"";
				DEVELOPMENT_TEAM = DDL2W3NY34;
				ENABLE_PREVIEWS = YES;
				GENERATE_INFOPLIST_FILE = YES;
				INFOPLIST_KEY_CFBundleDisplayName = "Urban Dictionary";
				INFOPLIST_KEY_UIApplicationSceneManifest_Generation = YES;
				INFOPLIST_KEY_UIApplicationSupportsIndirectInputEvents = YES;
				INFOPLIST_KEY_UILaunchScreen_Generation = YES;
				INFOPLIST_KEY_UISupportedInterfaceOrientations = UIInterfaceOrientationPortrait;
				INFOPLIST_KEY_UISupportedInterfaceOrientations_iPad = "UIInterfaceOrientationLandscapeLeft UIInterfaceOrientationLandscapeRight UIInterfaceOrientationPortrait UIInterfaceOrientationPortraitUpsideDown";
				IPHONEOS_DEPLOYMENT_TARGET = 15.0;
				LD_RUNPATH_SEARCH_PATHS = (
					"$(inherited)",
					"@executable_path/Frameworks",
				);
				MARKETING_VERSION = 1.0;
				PRODUCT_BUNDLE_IDENTIFIER = com.chekel.UrbanDictionary;
				PRODUCT_NAME = "$(TARGET_NAME)";
				SUPPORTED_PLATFORMS = "iphoneos iphonesimulator";
				SUPPORTS_MACCATALYST = NO;
				SUPPORTS_MAC_DESIGNED_FOR_IPHONE_IPAD = NO;
				SWIFT_EMIT_LOC_STRINGS = YES;
				SWIFT_VERSION = 5.0;
				TARGETED_DEVICE_FAMILY = 1;
			};
			name = Debug;
		};
		E01A5FC92A81113C00694C29 /* Release */ = {
			isa = XCBuildConfiguration;
			buildSettings = {
				ALWAYS_EMBED_SWIFT_STANDARD_LIBRARIES = YES;
				ASSETCATALOG_COMPILER_APPICON_NAME = AppIcon;
				ASSETCATALOG_COMPILER_GLOBAL_ACCENT_COLOR_NAME = AccentColor;
				CODE_SIGN_STYLE = Automatic;
				CURRENT_PROJECT_VERSION = 2;
				DEVELOPMENT_ASSET_PATHS = "\"UrbanDictionary/Preview Content\"";
				DEVELOPMENT_TEAM = DDL2W3NY34;
				ENABLE_PREVIEWS = YES;
				GENERATE_INFOPLIST_FILE = YES;
				INFOPLIST_KEY_CFBundleDisplayName = "Urban Dictionary";
				INFOPLIST_KEY_UIApplicationSceneManifest_Generation = YES;
				INFOPLIST_KEY_UIApplicationSupportsIndirectInputEvents = YES;
				INFOPLIST_KEY_UILaunchScreen_Generation = YES;
				INFOPLIST_KEY_UISupportedInterfaceOrientations = UIInterfaceOrientationPortrait;
				INFOPLIST_KEY_UISupportedInterfaceOrientations_iPad = "UIInterfaceOrientationLandscapeLeft UIInterfaceOrientationLandscapeRight UIInterfaceOrientationPortrait UIInterfaceOrientationPortraitUpsideDown";
				IPHONEOS_DEPLOYMENT_TARGET = 15.0;
				LD_RUNPATH_SEARCH_PATHS = (
					"$(inherited)",
					"@executable_path/Frameworks",
				);
				MARKETING_VERSION = 1.0;
				PRODUCT_BUNDLE_IDENTIFIER = com.chekel.UrbanDictionary;
				PRODUCT_NAME = "$(TARGET_NAME)";
				SUPPORTED_PLATFORMS = "iphoneos iphonesimulator";
				SUPPORTS_MACCATALYST = NO;
				SUPPORTS_MAC_DESIGNED_FOR_IPHONE_IPAD = NO;
				SWIFT_EMIT_LOC_STRINGS = YES;
				SWIFT_VERSION = 5.0;
				TARGETED_DEVICE_FAMILY = 1;
			};
			name = Release;
		};
		E01A60152A86CC5B00694C29 /* Debug */ = {
			isa = XCBuildConfiguration;
			buildSettings = {
				ASSETCATALOG_COMPILER_GLOBAL_ACCENT_COLOR_NAME = AccentColor;
				ASSETCATALOG_COMPILER_WIDGET_BACKGROUND_COLOR_NAME = WidgetBackground;
				CODE_SIGN_STYLE = Automatic;
				CURRENT_PROJECT_VERSION = 2;
				DEVELOPMENT_TEAM = DDL2W3NY34;
				GENERATE_INFOPLIST_FILE = YES;
				INFOPLIST_FILE = WordOfTheDay/Info.plist;
				INFOPLIST_KEY_CFBundleDisplayName = WordOfTheDay;
				INFOPLIST_KEY_NSHumanReadableCopyright = "";
				IPHONEOS_DEPLOYMENT_TARGET = 15.0;
				LD_RUNPATH_SEARCH_PATHS = (
					"$(inherited)",
					"@executable_path/Frameworks",
					"@executable_path/../../Frameworks",
				);
				MARKETING_VERSION = 1.0;
				PRODUCT_BUNDLE_IDENTIFIER = com.chekel.UrbanDictionary.WordOfTheDay;
				PRODUCT_NAME = "$(TARGET_NAME)";
				SKIP_INSTALL = YES;
				SWIFT_EMIT_LOC_STRINGS = YES;
				SWIFT_VERSION = 5.0;
				TARGETED_DEVICE_FAMILY = "1,2";
			};
			name = Debug;
		};
		E01A60162A86CC5B00694C29 /* Release */ = {
			isa = XCBuildConfiguration;
			buildSettings = {
				ASSETCATALOG_COMPILER_GLOBAL_ACCENT_COLOR_NAME = AccentColor;
				ASSETCATALOG_COMPILER_WIDGET_BACKGROUND_COLOR_NAME = WidgetBackground;
				CODE_SIGN_STYLE = Automatic;
				CURRENT_PROJECT_VERSION = 2;
				DEVELOPMENT_TEAM = DDL2W3NY34;
				GENERATE_INFOPLIST_FILE = YES;
				INFOPLIST_FILE = WordOfTheDay/Info.plist;
				INFOPLIST_KEY_CFBundleDisplayName = WordOfTheDay;
				INFOPLIST_KEY_NSHumanReadableCopyright = "";
				IPHONEOS_DEPLOYMENT_TARGET = 15.0;
				LD_RUNPATH_SEARCH_PATHS = (
					"$(inherited)",
					"@executable_path/Frameworks",
					"@executable_path/../../Frameworks",
				);
				MARKETING_VERSION = 1.0;
				PRODUCT_BUNDLE_IDENTIFIER = com.chekel.UrbanDictionary.WordOfTheDay;
				PRODUCT_NAME = "$(TARGET_NAME)";
				SKIP_INSTALL = YES;
				SWIFT_EMIT_LOC_STRINGS = YES;
				SWIFT_VERSION = 5.0;
				TARGETED_DEVICE_FAMILY = "1,2";
			};
			name = Release;
		};
		E0D254402A88FA2500186BA0 /* Debug */ = {
			isa = XCBuildConfiguration;
			buildSettings = {
				ASSETCATALOG_COMPILER_GLOBAL_ACCENT_COLOR_NAME = AccentColor;
				ASSETCATALOG_COMPILER_WIDGET_BACKGROUND_COLOR_NAME = WidgetBackground;
				CODE_SIGN_STYLE = Automatic;
				CURRENT_PROJECT_VERSION = 2;
				DEVELOPMENT_TEAM = DDL2W3NY34;
				GENERATE_INFOPLIST_FILE = YES;
				INFOPLIST_FILE = RandomWord/Info.plist;
				INFOPLIST_KEY_CFBundleDisplayName = RandomWord;
				INFOPLIST_KEY_NSHumanReadableCopyright = "";
				IPHONEOS_DEPLOYMENT_TARGET = 15.0;
				LD_RUNPATH_SEARCH_PATHS = (
					"$(inherited)",
					"@executable_path/Frameworks",
					"@executable_path/../../Frameworks",
				);
				MARKETING_VERSION = 1.0;
				PRODUCT_BUNDLE_IDENTIFIER = com.chekel.UrbanDictionary.RandomWord;
				PRODUCT_NAME = "$(TARGET_NAME)";
				SKIP_INSTALL = YES;
				SWIFT_EMIT_LOC_STRINGS = YES;
				SWIFT_VERSION = 5.0;
				TARGETED_DEVICE_FAMILY = "1,2";
			};
			name = Debug;
		};
		E0D254412A88FA2500186BA0 /* Release */ = {
			isa = XCBuildConfiguration;
			buildSettings = {
				ASSETCATALOG_COMPILER_GLOBAL_ACCENT_COLOR_NAME = AccentColor;
				ASSETCATALOG_COMPILER_WIDGET_BACKGROUND_COLOR_NAME = WidgetBackground;
				CODE_SIGN_STYLE = Automatic;
				CURRENT_PROJECT_VERSION = 2;
				DEVELOPMENT_TEAM = DDL2W3NY34;
				GENERATE_INFOPLIST_FILE = YES;
				INFOPLIST_FILE = RandomWord/Info.plist;
				INFOPLIST_KEY_CFBundleDisplayName = RandomWord;
				INFOPLIST_KEY_NSHumanReadableCopyright = "";
				IPHONEOS_DEPLOYMENT_TARGET = 15.0;
				LD_RUNPATH_SEARCH_PATHS = (
					"$(inherited)",
					"@executable_path/Frameworks",
					"@executable_path/../../Frameworks",
				);
				MARKETING_VERSION = 1.0;
				PRODUCT_BUNDLE_IDENTIFIER = com.chekel.UrbanDictionary.RandomWord;
				PRODUCT_NAME = "$(TARGET_NAME)";
				SKIP_INSTALL = YES;
				SWIFT_EMIT_LOC_STRINGS = YES;
				SWIFT_VERSION = 5.0;
				TARGETED_DEVICE_FAMILY = "1,2";
			};
			name = Release;
		};
/* End XCBuildConfiguration section */

/* Begin XCConfigurationList section */
		E01A5FB42A81113B00694C29 /* Build configuration list for PBXProject "UrbanDictionary" */ = {
			isa = XCConfigurationList;
			buildConfigurations = (
				E01A5FC52A81113C00694C29 /* Debug */,
				E01A5FC62A81113C00694C29 /* Release */,
			);
			defaultConfigurationIsVisible = 0;
			defaultConfigurationName = Release;
		};
		E01A5FC72A81113C00694C29 /* Build configuration list for PBXNativeTarget "UrbanDictionary" */ = {
			isa = XCConfigurationList;
			buildConfigurations = (
				E01A5FC82A81113C00694C29 /* Debug */,
				E01A5FC92A81113C00694C29 /* Release */,
			);
			defaultConfigurationIsVisible = 0;
			defaultConfigurationName = Release;
		};
		E01A60142A86CC5B00694C29 /* Build configuration list for PBXNativeTarget "WordOfTheDayExtension" */ = {
			isa = XCConfigurationList;
			buildConfigurations = (
				E01A60152A86CC5B00694C29 /* Debug */,
				E01A60162A86CC5B00694C29 /* Release */,
			);
			defaultConfigurationIsVisible = 0;
			defaultConfigurationName = Release;
		};
		E0D254422A88FA2500186BA0 /* Build configuration list for PBXNativeTarget "RandomWordExtension" */ = {
			isa = XCConfigurationList;
			buildConfigurations = (
				E0D254402A88FA2500186BA0 /* Debug */,
				E0D254412A88FA2500186BA0 /* Release */,
			);
			defaultConfigurationIsVisible = 0;
			defaultConfigurationName = Release;
		};
/* End XCConfigurationList section */
	};
	rootObject = E01A5FB12A81113B00694C29 /* Project object */;
}
